// !$*UTF8*$!
{
	archiveVersion = 1;
	classes = {
	};
	objectVersion = 50;
	objects = {

/* Begin PBXBuildFile section */
		06B680F23DF37F71DDAC1CD2 /* Pods_MolueCommon.framework in Frameworks */ = {isa = PBXBuildFile; fileRef = F64AC0DDC4B2457896DB8640 /* Pods_MolueCommon.framework */; settings = {ATTRIBUTES = (Required, ); }; };
		1A242C7A219EBE18007554E9 /* SWQRCodeManager.swift in Sources */ = {isa = PBXBuildFile; fileRef = 1A242C74219EBE17007554E9 /* SWQRCodeManager.swift */; };
		1A242C7B219EBE18007554E9 /* SWQRCodeConfig.swift in Sources */ = {isa = PBXBuildFile; fileRef = 1A242C75219EBE17007554E9 /* SWQRCodeConfig.swift */; };
		1A242C7C219EBE18007554E9 /* SWQRCode.bundle in Resources */ = {isa = PBXBuildFile; fileRef = 1A242C76219EBE17007554E9 /* SWQRCode.bundle */; };
		1A242C7D219EBE18007554E9 /* SWScannerView.swift in Sources */ = {isa = PBXBuildFile; fileRef = 1A242C78219EBE17007554E9 /* SWScannerView.swift */; };
		1A242C7E219EBE18007554E9 /* SWQRCodeViewController.swift in Sources */ = {isa = PBXBuildFile; fileRef = 1A242C79219EBE17007554E9 /* SWQRCodeViewController.swift */; };
		1A2D441B20A07E9900BA947A /* MLRefreshHeaderAnimator.swift in Sources */ = {isa = PBXBuildFile; fileRef = 1A2D441A20A07E9900BA947A /* MLRefreshHeaderAnimator.swift */; };
		1A2D443D20A097E100BA947A /* MLInterfaceConfigure.swift in Sources */ = {isa = PBXBuildFile; fileRef = 1A2D443C20A097E100BA947A /* MLInterfaceConfigure.swift */; };
		1A35D80020DD2893002ED3CB /* MolueFoundation.framework in Frameworks */ = {isa = PBXBuildFile; fileRef = 1A35D7FF20DD2893002ED3CB /* MolueFoundation.framework */; settings = {ATTRIBUTES = (Weak, ); }; };
		1A43801A2162A86200FA1C93 /* MolueTableViewAdapter.swift in Sources */ = {isa = PBXBuildFile; fileRef = 1A4380192162A86200FA1C93 /* MolueTableViewAdapter.swift */; };
		1A43BC3620C4031D0093855B /* MLCommonInputView.swift in Sources */ = {isa = PBXBuildFile; fileRef = 1A43BC3520C4031D0093855B /* MLCommonInputView.swift */; };
		1A43BC3C20C40FA30093855B /* MLCommonSelectView.swift in Sources */ = {isa = PBXBuildFile; fileRef = 1A43BC3B20C40FA30093855B /* MLCommonSelectView.swift */; };
		1A5014AB2094AFA400DB931E /* MoluePermissions.swift in Sources */ = {isa = PBXBuildFile; fileRef = 1A5014AA2094AFA400DB931E /* MoluePermissions.swift */; };
		1A5014B42094B90A00DB931E /* MolueCommonPath.swift in Sources */ = {isa = PBXBuildFile; fileRef = 1A5014B32094B90A00DB931E /* MolueCommonPath.swift */; };
		1A5014B62094B9BA00DB931E /* MolueCommonColor.swift in Sources */ = {isa = PBXBuildFile; fileRef = 1A5014B52094B9BA00DB931E /* MolueCommonColor.swift */; };
		1A5014B92094C17B00DB931E /* MolueUtilities.framework in Frameworks */ = {isa = PBXBuildFile; fileRef = 1A5014B72094BA3F00DB931E /* MolueUtilities.framework */; settings = {ATTRIBUTES = (Weak, ); }; };
		1A5014BB2094C27600DB931E /* MolueUtilities.framework in CopyFiles */ = {isa = PBXBuildFile; fileRef = 1A5014B72094BA3F00DB931E /* MolueUtilities.framework */; settings = {ATTRIBUTES = (CodeSignOnCopy, RemoveHeadersOnCopy, ); }; };
		1A52756320D29F9C00CA0D68 /* MLSelectedTableViewModel.swift in Sources */ = {isa = PBXBuildFile; fileRef = 1A52756220D29F9C00CA0D68 /* MLSelectedTableViewModel.swift */; };
		1A52756520D51F7200CA0D68 /* MLSingleSelectController.swift in Sources */ = {isa = PBXBuildFile; fileRef = 1A52756420D51F7200CA0D68 /* MLSingleSelectController.swift */; };
		1A52756A20D523B500CA0D68 /* MLSignleSelectTableCell.swift in Sources */ = {isa = PBXBuildFile; fileRef = 1A52756820D523B500CA0D68 /* MLSignleSelectTableCell.swift */; };
		1A52756B20D523B500CA0D68 /* MLSignleSelectTableCell.xib in Resources */ = {isa = PBXBuildFile; fileRef = 1A52756920D523B500CA0D68 /* MLSignleSelectTableCell.xib */; };
		1A52756D20D52A7600CA0D68 /* MLSingleSectionTableModel.swift in Sources */ = {isa = PBXBuildFile; fileRef = 1A52756C20D52A7600CA0D68 /* MLSingleSectionTableModel.swift */; };
		1A65039220DD54F20017F91D /* MolueCommon.xcassets in Resources */ = {isa = PBXBuildFile; fileRef = 1A65039120DD54F20017F91D /* MolueCommon.xcassets */; };
		1A730ADC20EBB7F8008831BC /* MLCommonTitleView.swift in Sources */ = {isa = PBXBuildFile; fileRef = 1A730ADB20EBB7F8008831BC /* MLCommonTitleView.swift */; };
		1A7D9B6A2086470300FA997D /* MolueCommon.framework in Frameworks */ = {isa = PBXBuildFile; fileRef = 1A7D9B602086470200FA997D /* MolueCommon.framework */; };
		1A7D9B6F2086470300FA997D /* MolueCommonTests.swift in Sources */ = {isa = PBXBuildFile; fileRef = 1A7D9B6E2086470300FA997D /* MolueCommonTests.swift */; };
		1A7D9B712086470300FA997D /* MolueCommon.h in Headers */ = {isa = PBXBuildFile; fileRef = 1A7D9B632086470300FA997D /* MolueCommon.h */; settings = {ATTRIBUTES = (Public, ); }; };
		1A944CB420F1D08A002BD1E9 /* MLCommonRemarkView.swift in Sources */ = {isa = PBXBuildFile; fileRef = 1A944CB320F1D08A002BD1E9 /* MLCommonRemarkView.swift */; };
		1A98F29D20C96940000D0F8F /* MLCommonFunction.swift in Sources */ = {isa = PBXBuildFile; fileRef = 1A98F29C20C96940000D0F8F /* MLCommonFunction.swift */; };
		1A98F29F20C96E87000D0F8F /* MLCommonPhotoView.swift in Sources */ = {isa = PBXBuildFile; fileRef = 1A98F29E20C96E87000D0F8F /* MLCommonPhotoView.swift */; };
		1A98F2A420C972ED000D0F8F /* MLCommonPhotoCell.swift in Sources */ = {isa = PBXBuildFile; fileRef = 1A98F2A220C972ED000D0F8F /* MLCommonPhotoCell.swift */; };
		1A98F2A520C972ED000D0F8F /* MLCommonPhotoCell.xib in Resources */ = {isa = PBXBuildFile; fileRef = 1A98F2A320C972ED000D0F8F /* MLCommonPhotoCell.xib */; };
		1A98F2A820C97331000D0F8F /* MLCommonAddPhotoCell.swift in Sources */ = {isa = PBXBuildFile; fileRef = 1A98F2A620C97331000D0F8F /* MLCommonAddPhotoCell.swift */; };
		1A98F2A920C97331000D0F8F /* MLCommonAddPhotoCell.xib in Resources */ = {isa = PBXBuildFile; fileRef = 1A98F2A720C97331000D0F8F /* MLCommonAddPhotoCell.xib */; };
		1A9BCA13210A26410035FC21 /* MolueNotificationName.swift in Sources */ = {isa = PBXBuildFile; fileRef = 1A9BCA12210A26410035FC21 /* MolueNotificationName.swift */; };
		1AA7822E20CCFDC200088923 /* MLSelectedTableController.swift in Sources */ = {isa = PBXBuildFile; fileRef = 1AA7822D20CCFDC200088923 /* MLSelectedTableController.swift */; };
		1AA7823520CCFF3B00088923 /* MLSelectedTableViewCell.swift in Sources */ = {isa = PBXBuildFile; fileRef = 1AA7823320CCFF3B00088923 /* MLSelectedTableViewCell.swift */; };
		1AA7823620CCFF3B00088923 /* MLSelectedTableViewCell.xib in Resources */ = {isa = PBXBuildFile; fileRef = 1AA7823420CCFF3B00088923 /* MLSelectedTableViewCell.xib */; };
		1AA7825420CE9F3300088923 /* MLDatePickerViewController.swift in Sources */ = {isa = PBXBuildFile; fileRef = 1AA7825320CE9F3300088923 /* MLDatePickerViewController.swift */; };
		1AA7825820CEA01500088923 /* MLDatePickerViewController.storyboard in Resources */ = {isa = PBXBuildFile; fileRef = 1AA7825720CEA01500088923 /* MLDatePickerViewController.storyboard */; };
		1ABDCA9D20C5946B0062DE71 /* MLCommonClickView.swift in Sources */ = {isa = PBXBuildFile; fileRef = 1ABDCA9C20C5946B0062DE71 /* MLCommonClickView.swift */; };
		1ABDCAA120C594A50062DE71 /* MLCommonSegmentView.swift in Sources */ = {isa = PBXBuildFile; fileRef = 1ABDCAA020C594A50062DE71 /* MLCommonSegmentView.swift */; };
		1ABDCAA320C594AC0062DE71 /* MLCommonSegmentView.xib in Resources */ = {isa = PBXBuildFile; fileRef = 1ABDCAA220C594AC0062DE71 /* MLCommonSegmentView.xib */; };
		1ACD09FF21A0094400793AAC /* SKPhotoBrowser.h in Headers */ = {isa = PBXBuildFile; fileRef = 1ACD09E521A0094400793AAC /* SKPhotoBrowser.h */; };
		1ACD0A0021A0094400793AAC /* SKPhotoBrowser.swift in Sources */ = {isa = PBXBuildFile; fileRef = 1ACD09E621A0094400793AAC /* SKPhotoBrowser.swift */; };
		1ACD0A0121A0094400793AAC /* SKMesurement.swift in Sources */ = {isa = PBXBuildFile; fileRef = 1ACD09E721A0094400793AAC /* SKMesurement.swift */; };
		1ACD0A0221A0094400793AAC /* SKZoomingScrollView.swift in Sources */ = {isa = PBXBuildFile; fileRef = 1ACD09E821A0094400793AAC /* SKZoomingScrollView.swift */; };
		1ACD0A0321A0094400793AAC /* SKPaginationView.swift in Sources */ = {isa = PBXBuildFile; fileRef = 1ACD09E921A0094400793AAC /* SKPaginationView.swift */; };
		1ACD0A0421A0094400793AAC /* SKIndicatorView.swift in Sources */ = {isa = PBXBuildFile; fileRef = 1ACD09EA21A0094400793AAC /* SKIndicatorView.swift */; };
		1ACD0A0521A0094400793AAC /* SKAnimator.swift in Sources */ = {isa = PBXBuildFile; fileRef = 1ACD09EB21A0094400793AAC /* SKAnimator.swift */; };
		1ACD0A0621A0094400793AAC /* SKPhotoBrowserOptions.swift in Sources */ = {isa = PBXBuildFile; fileRef = 1ACD09EC21A0094400793AAC /* SKPhotoBrowserOptions.swift */; };
		1ACD0A0721A0094400793AAC /* SKDetectingImageView.swift in Sources */ = {isa = PBXBuildFile; fileRef = 1ACD09ED21A0094400793AAC /* SKDetectingImageView.swift */; };
		1ACD0A0821A0094400793AAC /* UIApplication+UIWindow.swift in Sources */ = {isa = PBXBuildFile; fileRef = 1ACD09EE21A0094400793AAC /* UIApplication+UIWindow.swift */; };
		1ACD0A0921A0094400793AAC /* SKPagingScrollView.swift in Sources */ = {isa = PBXBuildFile; fileRef = 1ACD09EF21A0094400793AAC /* SKPagingScrollView.swift */; };
		1ACD0A0A21A0094400793AAC /* SKDetectingView.swift in Sources */ = {isa = PBXBuildFile; fileRef = 1ACD09F021A0094400793AAC /* SKDetectingView.swift */; };
		1ACD0A0B21A0094400793AAC /* SKCache.swift in Sources */ = {isa = PBXBuildFile; fileRef = 1ACD09F121A0094400793AAC /* SKCache.swift */; };
		1ACD0A0C21A0094400793AAC /* UIImage+Rotation.swift in Sources */ = {isa = PBXBuildFile; fileRef = 1ACD09F321A0094400793AAC /* UIImage+Rotation.swift */; };
		1ACD0A0D21A0094400793AAC /* UIView+Radius.swift in Sources */ = {isa = PBXBuildFile; fileRef = 1ACD09F421A0094400793AAC /* UIView+Radius.swift */; };
		1ACD0A0E21A0094400793AAC /* SKCaptionView.swift in Sources */ = {isa = PBXBuildFile; fileRef = 1ACD09F521A0094400793AAC /* SKCaptionView.swift */; };
		1ACD0A0F21A0094400793AAC /* SKLocalPhoto.swift in Sources */ = {isa = PBXBuildFile; fileRef = 1ACD09F621A0094400793AAC /* SKLocalPhoto.swift */; };
		1ACD0A1021A0094400793AAC /* SKPhoto.swift in Sources */ = {isa = PBXBuildFile; fileRef = 1ACD09F721A0094400793AAC /* SKPhoto.swift */; };
		1ACD0A1121A0094400793AAC /* SKActionView.swift in Sources */ = {isa = PBXBuildFile; fileRef = 1ACD09F821A0094400793AAC /* SKActionView.swift */; };
		1ACD0A1221A0094400793AAC /* SKToolbar.swift in Sources */ = {isa = PBXBuildFile; fileRef = 1ACD09F921A0094400793AAC /* SKToolbar.swift */; };
		1ACD0A1321A0094400793AAC /* SKPhotoBrowserDelegate.swift in Sources */ = {isa = PBXBuildFile; fileRef = 1ACD09FA21A0094400793AAC /* SKPhotoBrowserDelegate.swift */; };
		1ACD0A1421A0094400793AAC /* SKCacheable.swift in Sources */ = {isa = PBXBuildFile; fileRef = 1ACD09FB21A0094400793AAC /* SKCacheable.swift */; };
		1ACD0A1521A0094400793AAC /* SKPhotoBrowser.bundle in Resources */ = {isa = PBXBuildFile; fileRef = 1ACD09FC21A0094400793AAC /* SKPhotoBrowser.bundle */; };
		1ACD0A1621A0094400793AAC /* SKButtons.swift in Sources */ = {isa = PBXBuildFile; fileRef = 1ACD09FD21A0094400793AAC /* SKButtons.swift */; };
		1AEB87DB209218D3002230A3 /* MolueCryption.swift in Sources */ = {isa = PBXBuildFile; fileRef = 1AEB87DA209218D3002230A3 /* MolueCryption.swift */; };
		44CDCBC278886564183928A8 /* Pods_MolueCommonTests.framework in Frameworks */ = {isa = PBXBuildFile; fileRef = DCC4653C34129E915BF6180A /* Pods_MolueCommonTests.framework */; };
/* End PBXBuildFile section */

/* Begin PBXContainerItemProxy section */
		1A7D9B6B2086470300FA997D /* PBXContainerItemProxy */ = {
			isa = PBXContainerItemProxy;
			containerPortal = 1A7D9B572086470200FA997D /* Project object */;
			proxyType = 1;
			remoteGlobalIDString = 1A7D9B5F2086470200FA997D;
			remoteInfo = MolueCommon;
		};
/* End PBXContainerItemProxy section */

/* Begin PBXCopyFilesBuildPhase section */
		1A5014BA2094C25C00DB931E /* CopyFiles */ = {
			isa = PBXCopyFilesBuildPhase;
			buildActionMask = 2147483647;
			dstPath = "";
			dstSubfolderSpec = 10;
			files = (
				1A5014BB2094C27600DB931E /* MolueUtilities.framework in CopyFiles */,
			);
			runOnlyForDeploymentPostprocessing = 0;
		};
/* End PBXCopyFilesBuildPhase section */

/* Begin PBXFileReference section */
		0B3FA8D5CD50C93A81938144 /* Pods-MolueCommon.debug.xcconfig */ = {isa = PBXFileReference; includeInIndex = 1; lastKnownFileType = text.xcconfig; name = "Pods-MolueCommon.debug.xcconfig"; path = "../Pods/Target Support Files/Pods-MolueCommon/Pods-MolueCommon.debug.xcconfig"; sourceTree = "<group>"; };
		1A242C74219EBE17007554E9 /* SWQRCodeManager.swift */ = {isa = PBXFileReference; fileEncoding = 4; lastKnownFileType = sourcecode.swift; path = SWQRCodeManager.swift; sourceTree = "<group>"; };
		1A242C75219EBE17007554E9 /* SWQRCodeConfig.swift */ = {isa = PBXFileReference; fileEncoding = 4; lastKnownFileType = sourcecode.swift; path = SWQRCodeConfig.swift; sourceTree = "<group>"; };
		1A242C76219EBE17007554E9 /* SWQRCode.bundle */ = {isa = PBXFileReference; lastKnownFileType = "wrapper.plug-in"; path = SWQRCode.bundle; sourceTree = "<group>"; };
		1A242C78219EBE17007554E9 /* SWScannerView.swift */ = {isa = PBXFileReference; fileEncoding = 4; lastKnownFileType = sourcecode.swift; path = SWScannerView.swift; sourceTree = "<group>"; };
		1A242C79219EBE17007554E9 /* SWQRCodeViewController.swift */ = {isa = PBXFileReference; fileEncoding = 4; lastKnownFileType = sourcecode.swift; path = SWQRCodeViewController.swift; sourceTree = "<group>"; };
		1A2D441A20A07E9900BA947A /* MLRefreshHeaderAnimator.swift */ = {isa = PBXFileReference; fileEncoding = 4; lastKnownFileType = sourcecode.swift; path = MLRefreshHeaderAnimator.swift; sourceTree = "<group>"; };
		1A2D443C20A097E100BA947A /* MLInterfaceConfigure.swift */ = {isa = PBXFileReference; lastKnownFileType = sourcecode.swift; path = MLInterfaceConfigure.swift; sourceTree = "<group>"; };
		1A35D7FF20DD2893002ED3CB /* MolueFoundation.framework */ = {isa = PBXFileReference; explicitFileType = wrapper.framework; path = MolueFoundation.framework; sourceTree = BUILT_PRODUCTS_DIR; };
		1A4380192162A86200FA1C93 /* MolueTableViewAdapter.swift */ = {isa = PBXFileReference; lastKnownFileType = sourcecode.swift; path = MolueTableViewAdapter.swift; sourceTree = "<group>"; };
		1A43BC3520C4031D0093855B /* MLCommonInputView.swift */ = {isa = PBXFileReference; lastKnownFileType = sourcecode.swift; path = MLCommonInputView.swift; sourceTree = "<group>"; };
		1A43BC3B20C40FA30093855B /* MLCommonSelectView.swift */ = {isa = PBXFileReference; lastKnownFileType = sourcecode.swift; path = MLCommonSelectView.swift; sourceTree = "<group>"; };
		1A5014AA2094AFA400DB931E /* MoluePermissions.swift */ = {isa = PBXFileReference; lastKnownFileType = sourcecode.swift; path = MoluePermissions.swift; sourceTree = "<group>"; };
		1A5014B32094B90A00DB931E /* MolueCommonPath.swift */ = {isa = PBXFileReference; lastKnownFileType = sourcecode.swift; path = MolueCommonPath.swift; sourceTree = "<group>"; };
		1A5014B52094B9BA00DB931E /* MolueCommonColor.swift */ = {isa = PBXFileReference; lastKnownFileType = sourcecode.swift; path = MolueCommonColor.swift; sourceTree = "<group>"; };
		1A5014B72094BA3F00DB931E /* MolueUtilities.framework */ = {isa = PBXFileReference; explicitFileType = wrapper.framework; path = MolueUtilities.framework; sourceTree = BUILT_PRODUCTS_DIR; };
		1A52756220D29F9C00CA0D68 /* MLSelectedTableViewModel.swift */ = {isa = PBXFileReference; lastKnownFileType = sourcecode.swift; path = MLSelectedTableViewModel.swift; sourceTree = "<group>"; };
		1A52756420D51F7200CA0D68 /* MLSingleSelectController.swift */ = {isa = PBXFileReference; lastKnownFileType = sourcecode.swift; path = MLSingleSelectController.swift; sourceTree = "<group>"; };
		1A52756820D523B500CA0D68 /* MLSignleSelectTableCell.swift */ = {isa = PBXFileReference; lastKnownFileType = sourcecode.swift; path = MLSignleSelectTableCell.swift; sourceTree = "<group>"; };
		1A52756920D523B500CA0D68 /* MLSignleSelectTableCell.xib */ = {isa = PBXFileReference; lastKnownFileType = file.xib; path = MLSignleSelectTableCell.xib; sourceTree = "<group>"; };
		1A52756C20D52A7600CA0D68 /* MLSingleSectionTableModel.swift */ = {isa = PBXFileReference; lastKnownFileType = sourcecode.swift; path = MLSingleSectionTableModel.swift; sourceTree = "<group>"; };
		1A65039120DD54F20017F91D /* MolueCommon.xcassets */ = {isa = PBXFileReference; lastKnownFileType = folder.assetcatalog; path = MolueCommon.xcassets; sourceTree = "<group>"; };
		1A730ADB20EBB7F8008831BC /* MLCommonTitleView.swift */ = {isa = PBXFileReference; lastKnownFileType = sourcecode.swift; path = MLCommonTitleView.swift; sourceTree = "<group>"; };
		1A7D9B602086470200FA997D /* MolueCommon.framework */ = {isa = PBXFileReference; explicitFileType = wrapper.framework; includeInIndex = 0; path = MolueCommon.framework; sourceTree = BUILT_PRODUCTS_DIR; };
		1A7D9B632086470300FA997D /* MolueCommon.h */ = {isa = PBXFileReference; lastKnownFileType = sourcecode.c.h; path = MolueCommon.h; sourceTree = "<group>"; };
		1A7D9B642086470300FA997D /* Info.plist */ = {isa = PBXFileReference; lastKnownFileType = text.plist.xml; path = Info.plist; sourceTree = "<group>"; };
		1A7D9B692086470300FA997D /* MolueCommonTests.xctest */ = {isa = PBXFileReference; explicitFileType = wrapper.cfbundle; includeInIndex = 0; path = MolueCommonTests.xctest; sourceTree = BUILT_PRODUCTS_DIR; };
		1A7D9B6E2086470300FA997D /* MolueCommonTests.swift */ = {isa = PBXFileReference; lastKnownFileType = sourcecode.swift; path = MolueCommonTests.swift; sourceTree = "<group>"; };
		1A7D9B702086470300FA997D /* Info.plist */ = {isa = PBXFileReference; lastKnownFileType = text.plist.xml; path = Info.plist; sourceTree = "<group>"; };
		1A944CB320F1D08A002BD1E9 /* MLCommonRemarkView.swift */ = {isa = PBXFileReference; lastKnownFileType = sourcecode.swift; path = MLCommonRemarkView.swift; sourceTree = "<group>"; };
		1A98F29C20C96940000D0F8F /* MLCommonFunction.swift */ = {isa = PBXFileReference; lastKnownFileType = sourcecode.swift; path = MLCommonFunction.swift; sourceTree = "<group>"; };
		1A98F29E20C96E87000D0F8F /* MLCommonPhotoView.swift */ = {isa = PBXFileReference; lastKnownFileType = sourcecode.swift; path = MLCommonPhotoView.swift; sourceTree = "<group>"; };
		1A98F2A220C972ED000D0F8F /* MLCommonPhotoCell.swift */ = {isa = PBXFileReference; lastKnownFileType = sourcecode.swift; path = MLCommonPhotoCell.swift; sourceTree = "<group>"; };
		1A98F2A320C972ED000D0F8F /* MLCommonPhotoCell.xib */ = {isa = PBXFileReference; lastKnownFileType = file.xib; path = MLCommonPhotoCell.xib; sourceTree = "<group>"; };
		1A98F2A620C97331000D0F8F /* MLCommonAddPhotoCell.swift */ = {isa = PBXFileReference; lastKnownFileType = sourcecode.swift; path = MLCommonAddPhotoCell.swift; sourceTree = "<group>"; };
		1A98F2A720C97331000D0F8F /* MLCommonAddPhotoCell.xib */ = {isa = PBXFileReference; lastKnownFileType = file.xib; path = MLCommonAddPhotoCell.xib; sourceTree = "<group>"; };
		1A9BCA12210A26410035FC21 /* MolueNotificationName.swift */ = {isa = PBXFileReference; lastKnownFileType = sourcecode.swift; path = MolueNotificationName.swift; sourceTree = "<group>"; };
		1AA7822D20CCFDC200088923 /* MLSelectedTableController.swift */ = {isa = PBXFileReference; lastKnownFileType = sourcecode.swift; path = MLSelectedTableController.swift; sourceTree = "<group>"; };
		1AA7823320CCFF3B00088923 /* MLSelectedTableViewCell.swift */ = {isa = PBXFileReference; lastKnownFileType = sourcecode.swift; path = MLSelectedTableViewCell.swift; sourceTree = "<group>"; };
		1AA7823420CCFF3B00088923 /* MLSelectedTableViewCell.xib */ = {isa = PBXFileReference; lastKnownFileType = file.xib; path = MLSelectedTableViewCell.xib; sourceTree = "<group>"; };
		1AA7825320CE9F3300088923 /* MLDatePickerViewController.swift */ = {isa = PBXFileReference; lastKnownFileType = sourcecode.swift; path = MLDatePickerViewController.swift; sourceTree = "<group>"; };
		1AA7825720CEA01500088923 /* MLDatePickerViewController.storyboard */ = {isa = PBXFileReference; lastKnownFileType = file.storyboard; path = MLDatePickerViewController.storyboard; sourceTree = "<group>"; };
		1ABDCA9C20C5946B0062DE71 /* MLCommonClickView.swift */ = {isa = PBXFileReference; lastKnownFileType = sourcecode.swift; path = MLCommonClickView.swift; sourceTree = "<group>"; };
		1ABDCAA020C594A50062DE71 /* MLCommonSegmentView.swift */ = {isa = PBXFileReference; lastKnownFileType = sourcecode.swift; path = MLCommonSegmentView.swift; sourceTree = "<group>"; };
		1ABDCAA220C594AC0062DE71 /* MLCommonSegmentView.xib */ = {isa = PBXFileReference; lastKnownFileType = file.xib; path = MLCommonSegmentView.xib; sourceTree = "<group>"; };
		1ACD09E521A0094400793AAC /* SKPhotoBrowser.h */ = {isa = PBXFileReference; fileEncoding = 4; lastKnownFileType = sourcecode.c.h; path = SKPhotoBrowser.h; sourceTree = "<group>"; };
		1ACD09E621A0094400793AAC /* SKPhotoBrowser.swift */ = {isa = PBXFileReference; fileEncoding = 4; lastKnownFileType = sourcecode.swift; path = SKPhotoBrowser.swift; sourceTree = "<group>"; };
		1ACD09E721A0094400793AAC /* SKMesurement.swift */ = {isa = PBXFileReference; fileEncoding = 4; lastKnownFileType = sourcecode.swift; path = SKMesurement.swift; sourceTree = "<group>"; };
		1ACD09E821A0094400793AAC /* SKZoomingScrollView.swift */ = {isa = PBXFileReference; fileEncoding = 4; lastKnownFileType = sourcecode.swift; path = SKZoomingScrollView.swift; sourceTree = "<group>"; };
		1ACD09E921A0094400793AAC /* SKPaginationView.swift */ = {isa = PBXFileReference; fileEncoding = 4; lastKnownFileType = sourcecode.swift; path = SKPaginationView.swift; sourceTree = "<group>"; };
		1ACD09EA21A0094400793AAC /* SKIndicatorView.swift */ = {isa = PBXFileReference; fileEncoding = 4; lastKnownFileType = sourcecode.swift; path = SKIndicatorView.swift; sourceTree = "<group>"; };
		1ACD09EB21A0094400793AAC /* SKAnimator.swift */ = {isa = PBXFileReference; fileEncoding = 4; lastKnownFileType = sourcecode.swift; path = SKAnimator.swift; sourceTree = "<group>"; };
		1ACD09EC21A0094400793AAC /* SKPhotoBrowserOptions.swift */ = {isa = PBXFileReference; fileEncoding = 4; lastKnownFileType = sourcecode.swift; path = SKPhotoBrowserOptions.swift; sourceTree = "<group>"; };
		1ACD09ED21A0094400793AAC /* SKDetectingImageView.swift */ = {isa = PBXFileReference; fileEncoding = 4; lastKnownFileType = sourcecode.swift; path = SKDetectingImageView.swift; sourceTree = "<group>"; };
		1ACD09EE21A0094400793AAC /* UIApplication+UIWindow.swift */ = {isa = PBXFileReference; fileEncoding = 4; lastKnownFileType = sourcecode.swift; path = "UIApplication+UIWindow.swift"; sourceTree = "<group>"; };
		1ACD09EF21A0094400793AAC /* SKPagingScrollView.swift */ = {isa = PBXFileReference; fileEncoding = 4; lastKnownFileType = sourcecode.swift; path = SKPagingScrollView.swift; sourceTree = "<group>"; };
		1ACD09F021A0094400793AAC /* SKDetectingView.swift */ = {isa = PBXFileReference; fileEncoding = 4; lastKnownFileType = sourcecode.swift; path = SKDetectingView.swift; sourceTree = "<group>"; };
		1ACD09F121A0094400793AAC /* SKCache.swift */ = {isa = PBXFileReference; fileEncoding = 4; lastKnownFileType = sourcecode.swift; path = SKCache.swift; sourceTree = "<group>"; };
		1ACD09F321A0094400793AAC /* UIImage+Rotation.swift */ = {isa = PBXFileReference; fileEncoding = 4; lastKnownFileType = sourcecode.swift; path = "UIImage+Rotation.swift"; sourceTree = "<group>"; };
		1ACD09F421A0094400793AAC /* UIView+Radius.swift */ = {isa = PBXFileReference; fileEncoding = 4; lastKnownFileType = sourcecode.swift; path = "UIView+Radius.swift"; sourceTree = "<group>"; };
		1ACD09F521A0094400793AAC /* SKCaptionView.swift */ = {isa = PBXFileReference; fileEncoding = 4; lastKnownFileType = sourcecode.swift; path = SKCaptionView.swift; sourceTree = "<group>"; };
		1ACD09F621A0094400793AAC /* SKLocalPhoto.swift */ = {isa = PBXFileReference; fileEncoding = 4; lastKnownFileType = sourcecode.swift; path = SKLocalPhoto.swift; sourceTree = "<group>"; };
		1ACD09F721A0094400793AAC /* SKPhoto.swift */ = {isa = PBXFileReference; fileEncoding = 4; lastKnownFileType = sourcecode.swift; path = SKPhoto.swift; sourceTree = "<group>"; };
		1ACD09F821A0094400793AAC /* SKActionView.swift */ = {isa = PBXFileReference; fileEncoding = 4; lastKnownFileType = sourcecode.swift; path = SKActionView.swift; sourceTree = "<group>"; };
		1ACD09F921A0094400793AAC /* SKToolbar.swift */ = {isa = PBXFileReference; fileEncoding = 4; lastKnownFileType = sourcecode.swift; path = SKToolbar.swift; sourceTree = "<group>"; };
		1ACD09FA21A0094400793AAC /* SKPhotoBrowserDelegate.swift */ = {isa = PBXFileReference; fileEncoding = 4; lastKnownFileType = sourcecode.swift; path = SKPhotoBrowserDelegate.swift; sourceTree = "<group>"; };
		1ACD09FB21A0094400793AAC /* SKCacheable.swift */ = {isa = PBXFileReference; fileEncoding = 4; lastKnownFileType = sourcecode.swift; path = SKCacheable.swift; sourceTree = "<group>"; };
		1ACD09FC21A0094400793AAC /* SKPhotoBrowser.bundle */ = {isa = PBXFileReference; lastKnownFileType = "wrapper.plug-in"; path = SKPhotoBrowser.bundle; sourceTree = "<group>"; };
		1ACD09FD21A0094400793AAC /* SKButtons.swift */ = {isa = PBXFileReference; fileEncoding = 4; lastKnownFileType = sourcecode.swift; path = SKButtons.swift; sourceTree = "<group>"; };
		1AEB87DA209218D3002230A3 /* MolueCryption.swift */ = {isa = PBXFileReference; fileEncoding = 4; lastKnownFileType = sourcecode.swift; path = MolueCryption.swift; sourceTree = "<group>"; };
		35A07F602272B6C2B8044368 /* Pods-MolueCommon.release.xcconfig */ = {isa = PBXFileReference; includeInIndex = 1; lastKnownFileType = text.xcconfig; name = "Pods-MolueCommon.release.xcconfig"; path = "../Pods/Target Support Files/Pods-MolueCommon/Pods-MolueCommon.release.xcconfig"; sourceTree = "<group>"; };
		418FC30C5B9BCC635305D211 /* Pods-MolueCommonTests.release.xcconfig */ = {isa = PBXFileReference; includeInIndex = 1; lastKnownFileType = text.xcconfig; name = "Pods-MolueCommonTests.release.xcconfig"; path = "../Pods/Target Support Files/Pods-MolueCommonTests/Pods-MolueCommonTests.release.xcconfig"; sourceTree = "<group>"; };
		DC9DD27BB9DE6C0833D7E5B9 /* Pods-MolueCommonTests.debug.xcconfig */ = {isa = PBXFileReference; includeInIndex = 1; lastKnownFileType = text.xcconfig; name = "Pods-MolueCommonTests.debug.xcconfig"; path = "../Pods/Target Support Files/Pods-MolueCommonTests/Pods-MolueCommonTests.debug.xcconfig"; sourceTree = "<group>"; };
		DCC4653C34129E915BF6180A /* Pods_MolueCommonTests.framework */ = {isa = PBXFileReference; explicitFileType = wrapper.framework; includeInIndex = 0; path = Pods_MolueCommonTests.framework; sourceTree = BUILT_PRODUCTS_DIR; };
		F64AC0DDC4B2457896DB8640 /* Pods_MolueCommon.framework */ = {isa = PBXFileReference; explicitFileType = wrapper.framework; includeInIndex = 0; path = Pods_MolueCommon.framework; sourceTree = BUILT_PRODUCTS_DIR; };
/* End PBXFileReference section */

/* Begin PBXFrameworksBuildPhase section */
		1A7D9B5C2086470200FA997D /* Frameworks */ = {
			isa = PBXFrameworksBuildPhase;
			buildActionMask = 2147483647;
			files = (
				1A35D80020DD2893002ED3CB /* MolueFoundation.framework in Frameworks */,
				1A5014B92094C17B00DB931E /* MolueUtilities.framework in Frameworks */,
				06B680F23DF37F71DDAC1CD2 /* Pods_MolueCommon.framework in Frameworks */,
			);
			runOnlyForDeploymentPostprocessing = 0;
		};
		1A7D9B662086470300FA997D /* Frameworks */ = {
			isa = PBXFrameworksBuildPhase;
			buildActionMask = 2147483647;
			files = (
				1A7D9B6A2086470300FA997D /* MolueCommon.framework in Frameworks */,
				44CDCBC278886564183928A8 /* Pods_MolueCommonTests.framework in Frameworks */,
			);
			runOnlyForDeploymentPostprocessing = 0;
		};
/* End PBXFrameworksBuildPhase section */

/* Begin PBXGroup section */
		1A242C72219EBE17007554E9 /* SWQRCode */ = {
			isa = PBXGroup;
			children = (
				1A242C73219EBE17007554E9 /* Config */,
				1A242C76219EBE17007554E9 /* SWQRCode.bundle */,
				1A242C77219EBE17007554E9 /* View */,
				1A242C79219EBE17007554E9 /* SWQRCodeViewController.swift */,
			);
			path = SWQRCode;
			sourceTree = "<group>";
		};
		1A242C73219EBE17007554E9 /* Config */ = {
			isa = PBXGroup;
			children = (
				1A242C74219EBE17007554E9 /* SWQRCodeManager.swift */,
				1A242C75219EBE17007554E9 /* SWQRCodeConfig.swift */,
			);
			path = Config;
			sourceTree = "<group>";
		};
		1A242C77219EBE17007554E9 /* View */ = {
			isa = PBXGroup;
			children = (
				1A242C78219EBE17007554E9 /* SWScannerView.swift */,
			);
			path = View;
			sourceTree = "<group>";
		};
		1A2D441920A07E9900BA947A /* RefreshAnimator */ = {
			isa = PBXGroup;
			children = (
				1A2D441A20A07E9900BA947A /* MLRefreshHeaderAnimator.swift */,
			);
			path = RefreshAnimator;
			sourceTree = "<group>";
		};
		1A2D443B20A0977A00BA947A /* InterfaceConfigure */ = {
			isa = PBXGroup;
			children = (
				1A2D443C20A097E100BA947A /* MLInterfaceConfigure.swift */,
			);
			path = InterfaceConfigure;
			sourceTree = "<group>";
		};
		1A4380182162A83900FA1C93 /* TableViewAdapter */ = {
			isa = PBXGroup;
			children = (
				1A4380192162A86200FA1C93 /* MolueTableViewAdapter.swift */,
			);
			path = TableViewAdapter;
			sourceTree = "<group>";
		};
		1A43BC3420C402F10093855B /* CommonViews */ = {
			isa = PBXGroup;
			children = (
				1A43BC3520C4031D0093855B /* MLCommonInputView.swift */,
				1A43BC3B20C40FA30093855B /* MLCommonSelectView.swift */,
				1ABDCA9C20C5946B0062DE71 /* MLCommonClickView.swift */,
				1ABDCAA020C594A50062DE71 /* MLCommonSegmentView.swift */,
				1ABDCAA220C594AC0062DE71 /* MLCommonSegmentView.xib */,
				1A730ADB20EBB7F8008831BC /* MLCommonTitleView.swift */,
				1A944CB320F1D08A002BD1E9 /* MLCommonRemarkView.swift */,
			);
			path = CommonViews;
			sourceTree = "<group>";
		};
		1A5014B22094B8ED00DB931E /* Configuration */ = {
			isa = PBXGroup;
			children = (
				1A5014B32094B90A00DB931E /* MolueCommonPath.swift */,
				1A5014B52094B9BA00DB931E /* MolueCommonColor.swift */,
				1A9BCA12210A26410035FC21 /* MolueNotificationName.swift */,
			);
			path = Configuration;
			sourceTree = "<group>";
		};
		1A52756120D29F7A00CA0D68 /* Models */ = {
			isa = PBXGroup;
			children = (
				1A52756220D29F9C00CA0D68 /* MLSelectedTableViewModel.swift */,
				1A52756C20D52A7600CA0D68 /* MLSingleSectionTableModel.swift */,
			);
			path = Models;
			sourceTree = "<group>";
		};
		1A7D9B562086470200FA997D = {
			isa = PBXGroup;
			children = (
				1A7D9B622086470200FA997D /* MolueCommon */,
				1A7D9B6D2086470300FA997D /* MolueCommonTests */,
				1A7D9B612086470200FA997D /* Products */,
				F33A65C35DBCD08340EE6317 /* Pods */,
				7DBC480713B54D37639897AC /* Frameworks */,
			);
			sourceTree = "<group>";
		};
		1A7D9B612086470200FA997D /* Products */ = {
			isa = PBXGroup;
			children = (
				1A7D9B602086470200FA997D /* MolueCommon.framework */,
				1A7D9B692086470300FA997D /* MolueCommonTests.xctest */,
			);
			name = Products;
			sourceTree = "<group>";
		};
		1A7D9B622086470200FA997D /* MolueCommon */ = {
			isa = PBXGroup;
			children = (
				1A65039120DD54F20017F91D /* MolueCommon.xcassets */,
				1ACD09E421A0094400793AAC /* SKPhotoBrowser */,
				1A242C72219EBE17007554E9 /* SWQRCode */,
				1A4380182162A83900FA1C93 /* TableViewAdapter */,
				1AA7822C20CCFC0800088923 /* CommonController */,
				1A98F29B20C968F8000D0F8F /* CommonFunction */,
				1AA7823120CCFE5600088923 /* CommonPhotoView */,
				1A43BC3420C402F10093855B /* CommonViews */,
				1A2D443B20A0977A00BA947A /* InterfaceConfigure */,
				1A2D441920A07E9900BA947A /* RefreshAnimator */,
				1A5014B22094B8ED00DB931E /* Configuration */,
				1AEB886D2092D051002230A3 /* Permissions */,
				1AEB87D9209218D3002230A3 /* Encryption */,
				1A7D9B632086470300FA997D /* MolueCommon.h */,
				1A7D9B642086470300FA997D /* Info.plist */,
			);
			path = MolueCommon;
			sourceTree = "<group>";
		};
		1A7D9B6D2086470300FA997D /* MolueCommonTests */ = {
			isa = PBXGroup;
			children = (
				1A7D9B6E2086470300FA997D /* MolueCommonTests.swift */,
				1A7D9B702086470300FA997D /* Info.plist */,
			);
			path = MolueCommonTests;
			sourceTree = "<group>";
		};
		1A98F29B20C968F8000D0F8F /* CommonFunction */ = {
			isa = PBXGroup;
			children = (
				1A98F29C20C96940000D0F8F /* MLCommonFunction.swift */,
			);
			path = CommonFunction;
			sourceTree = "<group>";
		};
		1AA7822C20CCFC0800088923 /* CommonController */ = {
			isa = PBXGroup;
			children = (
				1A52756120D29F7A00CA0D68 /* Models */,
				1AA7823220CCFE8300088923 /* Views */,
				1AA7822D20CCFDC200088923 /* MLSelectedTableController.swift */,
				1A52756420D51F7200CA0D68 /* MLSingleSelectController.swift */,
				1AA7825320CE9F3300088923 /* MLDatePickerViewController.swift */,
				1AA7825720CEA01500088923 /* MLDatePickerViewController.storyboard */,
			);
			path = CommonController;
			sourceTree = "<group>";
		};
		1AA7823120CCFE5600088923 /* CommonPhotoView */ = {
			isa = PBXGroup;
			children = (
				1A98F29E20C96E87000D0F8F /* MLCommonPhotoView.swift */,
				1A98F2A220C972ED000D0F8F /* MLCommonPhotoCell.swift */,
				1A98F2A320C972ED000D0F8F /* MLCommonPhotoCell.xib */,
				1A98F2A620C97331000D0F8F /* MLCommonAddPhotoCell.swift */,
				1A98F2A720C97331000D0F8F /* MLCommonAddPhotoCell.xib */,
			);
			path = CommonPhotoView;
			sourceTree = "<group>";
		};
		1AA7823220CCFE8300088923 /* Views */ = {
			isa = PBXGroup;
			children = (
				1AA7823320CCFF3B00088923 /* MLSelectedTableViewCell.swift */,
				1AA7823420CCFF3B00088923 /* MLSelectedTableViewCell.xib */,
				1A52756820D523B500CA0D68 /* MLSignleSelectTableCell.swift */,
				1A52756920D523B500CA0D68 /* MLSignleSelectTableCell.xib */,
			);
			path = Views;
			sourceTree = "<group>";
		};
		1ACD09E421A0094400793AAC /* SKPhotoBrowser */ = {
			isa = PBXGroup;
			children = (
				1ACD09E521A0094400793AAC /* SKPhotoBrowser.h */,
				1ACD09E621A0094400793AAC /* SKPhotoBrowser.swift */,
				1ACD09E721A0094400793AAC /* SKMesurement.swift */,
				1ACD09E821A0094400793AAC /* SKZoomingScrollView.swift */,
				1ACD09E921A0094400793AAC /* SKPaginationView.swift */,
				1ACD09EA21A0094400793AAC /* SKIndicatorView.swift */,
				1ACD09EB21A0094400793AAC /* SKAnimator.swift */,
				1ACD09EC21A0094400793AAC /* SKPhotoBrowserOptions.swift */,
				1ACD09ED21A0094400793AAC /* SKDetectingImageView.swift */,
				1ACD09EE21A0094400793AAC /* UIApplication+UIWindow.swift */,
				1ACD09EF21A0094400793AAC /* SKPagingScrollView.swift */,
				1ACD09F021A0094400793AAC /* SKDetectingView.swift */,
				1ACD09F121A0094400793AAC /* SKCache.swift */,
				1ACD09F221A0094400793AAC /* extensions */,
				1ACD09F521A0094400793AAC /* SKCaptionView.swift */,
				1ACD09F621A0094400793AAC /* SKLocalPhoto.swift */,
				1ACD09F721A0094400793AAC /* SKPhoto.swift */,
				1ACD09F821A0094400793AAC /* SKActionView.swift */,
				1ACD09F921A0094400793AAC /* SKToolbar.swift */,
				1ACD09FA21A0094400793AAC /* SKPhotoBrowserDelegate.swift */,
				1ACD09FB21A0094400793AAC /* SKCacheable.swift */,
				1ACD09FC21A0094400793AAC /* SKPhotoBrowser.bundle */,
				1ACD09FD21A0094400793AAC /* SKButtons.swift */,
			);
			path = SKPhotoBrowser;
			sourceTree = "<group>";
		};
		1ACD09F221A0094400793AAC /* extensions */ = {
			isa = PBXGroup;
			children = (
				1ACD09F321A0094400793AAC /* UIImage+Rotation.swift */,
				1ACD09F421A0094400793AAC /* UIView+Radius.swift */,
			);
			path = extensions;
			sourceTree = "<group>";
		};
		1AEB87D9209218D3002230A3 /* Encryption */ = {
			isa = PBXGroup;
			children = (
				1AEB87DA209218D3002230A3 /* MolueCryption.swift */,
			);
			path = Encryption;
			sourceTree = "<group>";
		};
		1AEB886D2092D051002230A3 /* Permissions */ = {
			isa = PBXGroup;
			children = (
				1A5014AA2094AFA400DB931E /* MoluePermissions.swift */,
			);
			path = Permissions;
			sourceTree = "<group>";
		};
		7DBC480713B54D37639897AC /* Frameworks */ = {
			isa = PBXGroup;
			children = (
				1A35D7FF20DD2893002ED3CB /* MolueFoundation.framework */,
				1A5014B72094BA3F00DB931E /* MolueUtilities.framework */,
				F64AC0DDC4B2457896DB8640 /* Pods_MolueCommon.framework */,
				DCC4653C34129E915BF6180A /* Pods_MolueCommonTests.framework */,
			);
			name = Frameworks;
			sourceTree = "<group>";
		};
		F33A65C35DBCD08340EE6317 /* Pods */ = {
			isa = PBXGroup;
			children = (
				0B3FA8D5CD50C93A81938144 /* Pods-MolueCommon.debug.xcconfig */,
				35A07F602272B6C2B8044368 /* Pods-MolueCommon.release.xcconfig */,
				DC9DD27BB9DE6C0833D7E5B9 /* Pods-MolueCommonTests.debug.xcconfig */,
				418FC30C5B9BCC635305D211 /* Pods-MolueCommonTests.release.xcconfig */,
			);
			name = Pods;
			sourceTree = "<group>";
		};
/* End PBXGroup section */

/* Begin PBXHeadersBuildPhase section */
		1A7D9B5D2086470200FA997D /* Headers */ = {
			isa = PBXHeadersBuildPhase;
			buildActionMask = 2147483647;
			files = (
				1ACD09FF21A0094400793AAC /* SKPhotoBrowser.h in Headers */,
				1A7D9B712086470300FA997D /* MolueCommon.h in Headers */,
			);
			runOnlyForDeploymentPostprocessing = 0;
		};
/* End PBXHeadersBuildPhase section */

/* Begin PBXNativeTarget section */
		1A7D9B5F2086470200FA997D /* MolueCommon */ = {
			isa = PBXNativeTarget;
			buildConfigurationList = 1A7D9B742086470300FA997D /* Build configuration list for PBXNativeTarget "MolueCommon" */;
			buildPhases = (
				C4DC74232B014A95D09C429B /* [CP] Check Pods Manifest.lock */,
				1A7D9B5B2086470200FA997D /* Sources */,
				1A7D9B5C2086470200FA997D /* Frameworks */,
				1A7D9B5D2086470200FA997D /* Headers */,
				1A7D9B5E2086470200FA997D /* Resources */,
				1A5014BA2094C25C00DB931E /* CopyFiles */,
			);
			buildRules = (
			);
			dependencies = (
			);
			name = MolueCommon;
			productName = MolueCommon;
			productReference = 1A7D9B602086470200FA997D /* MolueCommon.framework */;
			productType = "com.apple.product-type.framework";
		};
		1A7D9B682086470300FA997D /* MolueCommonTests */ = {
			isa = PBXNativeTarget;
			buildConfigurationList = 1A7D9B772086470300FA997D /* Build configuration list for PBXNativeTarget "MolueCommonTests" */;
			buildPhases = (
				D2CF027EDED85C043C0FD8E4 /* [CP] Check Pods Manifest.lock */,
				1A7D9B652086470300FA997D /* Sources */,
				1A7D9B662086470300FA997D /* Frameworks */,
				1A7D9B672086470300FA997D /* Resources */,
				84E97DB22420B6826F5A7762 /* [CP] Embed Pods Frameworks */,
			);
			buildRules = (
			);
			dependencies = (
				1A7D9B6C2086470300FA997D /* PBXTargetDependency */,
			);
			name = MolueCommonTests;
			productName = MolueCommonTests;
			productReference = 1A7D9B692086470300FA997D /* MolueCommonTests.xctest */;
			productType = "com.apple.product-type.bundle.unit-test";
		};
/* End PBXNativeTarget section */

/* Begin PBXProject section */
		1A7D9B572086470200FA997D /* Project object */ = {
			isa = PBXProject;
			attributes = {
				LastSwiftUpdateCheck = 0930;
				LastUpgradeCheck = 0930;
				ORGANIZATIONNAME = MolueTech;
				TargetAttributes = {
					1A7D9B5F2086470200FA997D = {
						CreatedOnToolsVersion = 9.3;
						LastSwiftMigration = 1010;
					};
					1A7D9B682086470300FA997D = {
						CreatedOnToolsVersion = 9.3;
					};
				};
			};
			buildConfigurationList = 1A7D9B5A2086470200FA997D /* Build configuration list for PBXProject "MolueCommon" */;
			compatibilityVersion = "Xcode 9.3";
			developmentRegion = en;
			hasScannedForEncodings = 0;
			knownRegions = (
				en,
			);
			mainGroup = 1A7D9B562086470200FA997D;
			productRefGroup = 1A7D9B612086470200FA997D /* Products */;
			projectDirPath = "";
			projectRoot = "";
			targets = (
				1A7D9B5F2086470200FA997D /* MolueCommon */,
				1A7D9B682086470300FA997D /* MolueCommonTests */,
			);
		};
/* End PBXProject section */

/* Begin PBXResourcesBuildPhase section */
		1A7D9B5E2086470200FA997D /* Resources */ = {
			isa = PBXResourcesBuildPhase;
			buildActionMask = 2147483647;
			files = (
				1AA7825820CEA01500088923 /* MLDatePickerViewController.storyboard in Resources */,
				1A65039220DD54F20017F91D /* MolueCommon.xcassets in Resources */,
				1A52756B20D523B500CA0D68 /* MLSignleSelectTableCell.xib in Resources */,
				1ACD0A1521A0094400793AAC /* SKPhotoBrowser.bundle in Resources */,
				1ABDCAA320C594AC0062DE71 /* MLCommonSegmentView.xib in Resources */,
				1A98F2A920C97331000D0F8F /* MLCommonAddPhotoCell.xib in Resources */,
				1AA7823620CCFF3B00088923 /* MLSelectedTableViewCell.xib in Resources */,
				1A98F2A520C972ED000D0F8F /* MLCommonPhotoCell.xib in Resources */,
				1A242C7C219EBE18007554E9 /* SWQRCode.bundle in Resources */,
			);
			runOnlyForDeploymentPostprocessing = 0;
		};
		1A7D9B672086470300FA997D /* Resources */ = {
			isa = PBXResourcesBuildPhase;
			buildActionMask = 2147483647;
			files = (
			);
			runOnlyForDeploymentPostprocessing = 0;
		};
/* End PBXResourcesBuildPhase section */

/* Begin PBXShellScriptBuildPhase section */
		84E97DB22420B6826F5A7762 /* [CP] Embed Pods Frameworks */ = {
			isa = PBXShellScriptBuildPhase;
			buildActionMask = 2147483647;
			files = (
			);
			inputPaths = (
				"${SRCROOT}/../Pods/Target Support Files/Pods-MolueCommonTests/Pods-MolueCommonTests-frameworks.sh",
				"${BUILT_PRODUCTS_DIR}/Bolts-Swift/BoltsSwift.framework",
				"${BUILT_PRODUCTS_DIR}/CryptoSwift/CryptoSwift.framework",
				"${BUILT_PRODUCTS_DIR}/ESPullToRefresh/ESPullToRefresh.framework",
				"${BUILT_PRODUCTS_DIR}/Gallery/Gallery.framework",
				"${BUILT_PRODUCTS_DIR}/Kingfisher/Kingfisher.framework",
				"${BUILT_PRODUCTS_DIR}/ObjectMapper/ObjectMapper.framework",
				"${BUILT_PRODUCTS_DIR}/RxSwift/RxSwift.framework",
				"${BUILT_PRODUCTS_DIR}/SnapKit/SnapKit.framework",
				"${BUILT_PRODUCTS_DIR}/ViewAnimator/ViewAnimator.framework",
			);
			name = "[CP] Embed Pods Frameworks";
			outputPaths = (
				"${TARGET_BUILD_DIR}/${FRAMEWORKS_FOLDER_PATH}/BoltsSwift.framework",
				"${TARGET_BUILD_DIR}/${FRAMEWORKS_FOLDER_PATH}/CryptoSwift.framework",
				"${TARGET_BUILD_DIR}/${FRAMEWORKS_FOLDER_PATH}/ESPullToRefresh.framework",
				"${TARGET_BUILD_DIR}/${FRAMEWORKS_FOLDER_PATH}/Gallery.framework",
				"${TARGET_BUILD_DIR}/${FRAMEWORKS_FOLDER_PATH}/Kingfisher.framework",
				"${TARGET_BUILD_DIR}/${FRAMEWORKS_FOLDER_PATH}/ObjectMapper.framework",
				"${TARGET_BUILD_DIR}/${FRAMEWORKS_FOLDER_PATH}/RxSwift.framework",
				"${TARGET_BUILD_DIR}/${FRAMEWORKS_FOLDER_PATH}/SnapKit.framework",
				"${TARGET_BUILD_DIR}/${FRAMEWORKS_FOLDER_PATH}/ViewAnimator.framework",
			);
			runOnlyForDeploymentPostprocessing = 0;
			shellPath = /bin/sh;
			shellScript = "\"${SRCROOT}/../Pods/Target Support Files/Pods-MolueCommonTests/Pods-MolueCommonTests-frameworks.sh\"\n";
			showEnvVarsInLog = 0;
		};
		C4DC74232B014A95D09C429B /* [CP] Check Pods Manifest.lock */ = {
			isa = PBXShellScriptBuildPhase;
			buildActionMask = 2147483647;
			files = (
			);
			inputPaths = (
				"${PODS_PODFILE_DIR_PATH}/Podfile.lock",
				"${PODS_ROOT}/Manifest.lock",
			);
			name = "[CP] Check Pods Manifest.lock";
			outputPaths = (
				"$(DERIVED_FILE_DIR)/Pods-MolueCommon-checkManifestLockResult.txt",
			);
			runOnlyForDeploymentPostprocessing = 0;
			shellPath = /bin/sh;
			shellScript = "diff \"${PODS_PODFILE_DIR_PATH}/Podfile.lock\" \"${PODS_ROOT}/Manifest.lock\" > /dev/null\nif [ $? != 0 ] ; then\n    # print error to STDERR\n    echo \"error: The sandbox is not in sync with the Podfile.lock. Run 'pod install' or update your CocoaPods installation.\" >&2\n    exit 1\nfi\n# This output is used by Xcode 'outputs' to avoid re-running this script phase.\necho \"SUCCESS\" > \"${SCRIPT_OUTPUT_FILE_0}\"\n";
			showEnvVarsInLog = 0;
		};
		D2CF027EDED85C043C0FD8E4 /* [CP] Check Pods Manifest.lock */ = {
			isa = PBXShellScriptBuildPhase;
			buildActionMask = 2147483647;
			files = (
			);
			inputPaths = (
				"${PODS_PODFILE_DIR_PATH}/Podfile.lock",
				"${PODS_ROOT}/Manifest.lock",
			);
			name = "[CP] Check Pods Manifest.lock";
			outputPaths = (
				"$(DERIVED_FILE_DIR)/Pods-MolueCommonTests-checkManifestLockResult.txt",
			);
			runOnlyForDeploymentPostprocessing = 0;
			shellPath = /bin/sh;
			shellScript = "diff \"${PODS_PODFILE_DIR_PATH}/Podfile.lock\" \"${PODS_ROOT}/Manifest.lock\" > /dev/null\nif [ $? != 0 ] ; then\n    # print error to STDERR\n    echo \"error: The sandbox is not in sync with the Podfile.lock. Run 'pod install' or update your CocoaPods installation.\" >&2\n    exit 1\nfi\n# This output is used by Xcode 'outputs' to avoid re-running this script phase.\necho \"SUCCESS\" > \"${SCRIPT_OUTPUT_FILE_0}\"\n";
			showEnvVarsInLog = 0;
		};
/* End PBXShellScriptBuildPhase section */

/* Begin PBXSourcesBuildPhase section */
		1A7D9B5B2086470200FA997D /* Sources */ = {
			isa = PBXSourcesBuildPhase;
			buildActionMask = 2147483647;
			files = (
				1ACD0A0A21A0094400793AAC /* SKDetectingView.swift in Sources */,
				1ACD0A0E21A0094400793AAC /* SKCaptionView.swift in Sources */,
				1AEB87DB209218D3002230A3 /* MolueCryption.swift in Sources */,
				1A242C7D219EBE18007554E9 /* SWScannerView.swift in Sources */,
				1A98F29D20C96940000D0F8F /* MLCommonFunction.swift in Sources */,
				1A242C7B219EBE18007554E9 /* SWQRCodeConfig.swift in Sources */,
				1ACD0A0C21A0094400793AAC /* UIImage+Rotation.swift in Sources */,
				1A5014B42094B90A00DB931E /* MolueCommonPath.swift in Sources */,
				1A730ADC20EBB7F8008831BC /* MLCommonTitleView.swift in Sources */,
				1A5014AB2094AFA400DB931E /* MoluePermissions.swift in Sources */,
				1ACD0A0921A0094400793AAC /* SKPagingScrollView.swift in Sources */,
				1A2D443D20A097E100BA947A /* MLInterfaceConfigure.swift in Sources */,
				1ACD0A0D21A0094400793AAC /* UIView+Radius.swift in Sources */,
				1A43801A2162A86200FA1C93 /* MolueTableViewAdapter.swift in Sources */,
				1ACD0A0521A0094400793AAC /* SKAnimator.swift in Sources */,
				1ACD0A1321A0094400793AAC /* SKPhotoBrowserDelegate.swift in Sources */,
				1A242C7A219EBE18007554E9 /* SWQRCodeManager.swift in Sources */,
				1A5014B62094B9BA00DB931E /* MolueCommonColor.swift in Sources */,
				1A52756520D51F7200CA0D68 /* MLSingleSelectController.swift in Sources */,
				1A9BCA13210A26410035FC21 /* MolueNotificationName.swift in Sources */,
				1ACD0A0B21A0094400793AAC /* SKCache.swift in Sources */,
				1ACD0A1021A0094400793AAC /* SKPhoto.swift in Sources */,
				1A2D441B20A07E9900BA947A /* MLRefreshHeaderAnimator.swift in Sources */,
				1ACD0A0121A0094400793AAC /* SKMesurement.swift in Sources */,
				1A52756320D29F9C00CA0D68 /* MLSelectedTableViewModel.swift in Sources */,
				1A98F2A820C97331000D0F8F /* MLCommonAddPhotoCell.swift in Sources */,
				1A52756A20D523B500CA0D68 /* MLSignleSelectTableCell.swift in Sources */,
				1ACD0A0021A0094400793AAC /* SKPhotoBrowser.swift in Sources */,
				1AA7822E20CCFDC200088923 /* MLSelectedTableController.swift in Sources */,
				1ACD0A0421A0094400793AAC /* SKIndicatorView.swift in Sources */,
				1ACD0A1121A0094400793AAC /* SKActionView.swift in Sources */,
				1A944CB420F1D08A002BD1E9 /* MLCommonRemarkView.swift in Sources */,
				1A43BC3620C4031D0093855B /* MLCommonInputView.swift in Sources */,
				1AA7823520CCFF3B00088923 /* MLSelectedTableViewCell.swift in Sources */,
				1A98F29F20C96E87000D0F8F /* MLCommonPhotoView.swift in Sources */,
				1AA7825420CE9F3300088923 /* MLDatePickerViewController.swift in Sources */,
				1ACD0A0721A0094400793AAC /* SKDetectingImageView.swift in Sources */,
				1ABDCA9D20C5946B0062DE71 /* MLCommonClickView.swift in Sources */,
				1A43BC3C20C40FA30093855B /* MLCommonSelectView.swift in Sources */,
				1ACD0A0821A0094400793AAC /* UIApplication+UIWindow.swift in Sources */,
				1ACD0A1621A0094400793AAC /* SKButtons.swift in Sources */,
				1ABDCAA120C594A50062DE71 /* MLCommonSegmentView.swift in Sources */,
				1A52756D20D52A7600CA0D68 /* MLSingleSectionTableModel.swift in Sources */,
				1A98F2A420C972ED000D0F8F /* MLCommonPhotoCell.swift in Sources */,
				1ACD0A0321A0094400793AAC /* SKPaginationView.swift in Sources */,
				1ACD0A1221A0094400793AAC /* SKToolbar.swift in Sources */,
				1A242C7E219EBE18007554E9 /* SWQRCodeViewController.swift in Sources */,
				1ACD0A1421A0094400793AAC /* SKCacheable.swift in Sources */,
				1ACD0A0F21A0094400793AAC /* SKLocalPhoto.swift in Sources */,
				1ACD0A0621A0094400793AAC /* SKPhotoBrowserOptions.swift in Sources */,
				1ACD0A0221A0094400793AAC /* SKZoomingScrollView.swift in Sources */,
			);
			runOnlyForDeploymentPostprocessing = 0;
		};
		1A7D9B652086470300FA997D /* Sources */ = {
			isa = PBXSourcesBuildPhase;
			buildActionMask = 2147483647;
			files = (
				1A7D9B6F2086470300FA997D /* MolueCommonTests.swift in Sources */,
			);
			runOnlyForDeploymentPostprocessing = 0;
		};
/* End PBXSourcesBuildPhase section */

/* Begin PBXTargetDependency section */
		1A7D9B6C2086470300FA997D /* PBXTargetDependency */ = {
			isa = PBXTargetDependency;
			target = 1A7D9B5F2086470200FA997D /* MolueCommon */;
			targetProxy = 1A7D9B6B2086470300FA997D /* PBXContainerItemProxy */;
		};
/* End PBXTargetDependency section */

/* Begin XCBuildConfiguration section */
		1A7D9B722086470300FA997D /* Debug */ = {
			isa = XCBuildConfiguration;
			buildSettings = {
				ALWAYS_SEARCH_USER_PATHS = NO;
				CLANG_ANALYZER_NONNULL = YES;
				CLANG_ANALYZER_NUMBER_OBJECT_CONVERSION = YES_AGGRESSIVE;
				CLANG_CXX_LANGUAGE_STANDARD = "gnu++14";
				CLANG_CXX_LIBRARY = "libc++";
				CLANG_ENABLE_MODULES = YES;
				CLANG_ENABLE_OBJC_ARC = YES;
				CLANG_ENABLE_OBJC_WEAK = YES;
				CLANG_WARN_BLOCK_CAPTURE_AUTORELEASING = YES;
				CLANG_WARN_BOOL_CONVERSION = YES;
				CLANG_WARN_COMMA = YES;
				CLANG_WARN_CONSTANT_CONVERSION = YES;
				CLANG_WARN_DEPRECATED_OBJC_IMPLEMENTATIONS = YES;
				CLANG_WARN_DIRECT_OBJC_ISA_USAGE = YES_ERROR;
				CLANG_WARN_DOCUMENTATION_COMMENTS = YES;
				CLANG_WARN_EMPTY_BODY = YES;
				CLANG_WARN_ENUM_CONVERSION = YES;
				CLANG_WARN_INFINITE_RECURSION = YES;
				CLANG_WARN_INT_CONVERSION = YES;
				CLANG_WARN_NON_LITERAL_NULL_CONVERSION = YES;
				CLANG_WARN_OBJC_IMPLICIT_RETAIN_SELF = YES;
				CLANG_WARN_OBJC_LITERAL_CONVERSION = YES;
				CLANG_WARN_OBJC_ROOT_CLASS = YES_ERROR;
				CLANG_WARN_RANGE_LOOP_ANALYSIS = YES;
				CLANG_WARN_STRICT_PROTOTYPES = YES;
				CLANG_WARN_SUSPICIOUS_MOVE = YES;
				CLANG_WARN_UNGUARDED_AVAILABILITY = YES_AGGRESSIVE;
				CLANG_WARN_UNREACHABLE_CODE = YES;
				CLANG_WARN__DUPLICATE_METHOD_MATCH = YES;
				CODE_SIGN_IDENTITY = "iPhone Developer";
				COPY_PHASE_STRIP = NO;
				CURRENT_PROJECT_VERSION = 1;
				DEBUG_INFORMATION_FORMAT = dwarf;
				ENABLE_STRICT_OBJC_MSGSEND = YES;
				ENABLE_TESTABILITY = YES;
				GCC_C_LANGUAGE_STANDARD = gnu11;
				GCC_DYNAMIC_NO_PIC = NO;
				GCC_NO_COMMON_BLOCKS = YES;
				GCC_OPTIMIZATION_LEVEL = 0;
				GCC_PREPROCESSOR_DEFINITIONS = (
					"DEBUG=1",
					"$(inherited)",
				);
				GCC_WARN_64_TO_32_BIT_CONVERSION = YES;
				GCC_WARN_ABOUT_RETURN_TYPE = YES_ERROR;
				GCC_WARN_UNDECLARED_SELECTOR = YES;
				GCC_WARN_UNINITIALIZED_AUTOS = YES_AGGRESSIVE;
				GCC_WARN_UNUSED_FUNCTION = YES;
				GCC_WARN_UNUSED_VARIABLE = YES;
				IPHONEOS_DEPLOYMENT_TARGET = 11.3;
				MTL_ENABLE_DEBUG_INFO = YES;
				ONLY_ACTIVE_ARCH = YES;
				SDKROOT = iphoneos;
				SWIFT_ACTIVE_COMPILATION_CONDITIONS = DEBUG;
				SWIFT_OPTIMIZATION_LEVEL = "-Onone";
				VERSIONING_SYSTEM = "apple-generic";
				VERSION_INFO_PREFIX = "";
			};
			name = Debug;
		};
		1A7D9B732086470300FA997D /* Release */ = {
			isa = XCBuildConfiguration;
			buildSettings = {
				ALWAYS_SEARCH_USER_PATHS = NO;
				CLANG_ANALYZER_NONNULL = YES;
				CLANG_ANALYZER_NUMBER_OBJECT_CONVERSION = YES_AGGRESSIVE;
				CLANG_CXX_LANGUAGE_STANDARD = "gnu++14";
				CLANG_CXX_LIBRARY = "libc++";
				CLANG_ENABLE_MODULES = YES;
				CLANG_ENABLE_OBJC_ARC = YES;
				CLANG_ENABLE_OBJC_WEAK = YES;
				CLANG_WARN_BLOCK_CAPTURE_AUTORELEASING = YES;
				CLANG_WARN_BOOL_CONVERSION = YES;
				CLANG_WARN_COMMA = YES;
				CLANG_WARN_CONSTANT_CONVERSION = YES;
				CLANG_WARN_DEPRECATED_OBJC_IMPLEMENTATIONS = YES;
				CLANG_WARN_DIRECT_OBJC_ISA_USAGE = YES_ERROR;
				CLANG_WARN_DOCUMENTATION_COMMENTS = YES;
				CLANG_WARN_EMPTY_BODY = YES;
				CLANG_WARN_ENUM_CONVERSION = YES;
				CLANG_WARN_INFINITE_RECURSION = YES;
				CLANG_WARN_INT_CONVERSION = YES;
				CLANG_WARN_NON_LITERAL_NULL_CONVERSION = YES;
				CLANG_WARN_OBJC_IMPLICIT_RETAIN_SELF = YES;
				CLANG_WARN_OBJC_LITERAL_CONVERSION = YES;
				CLANG_WARN_OBJC_ROOT_CLASS = YES_ERROR;
				CLANG_WARN_RANGE_LOOP_ANALYSIS = YES;
				CLANG_WARN_STRICT_PROTOTYPES = YES;
				CLANG_WARN_SUSPICIOUS_MOVE = YES;
				CLANG_WARN_UNGUARDED_AVAILABILITY = YES_AGGRESSIVE;
				CLANG_WARN_UNREACHABLE_CODE = YES;
				CLANG_WARN__DUPLICATE_METHOD_MATCH = YES;
				CODE_SIGN_IDENTITY = "iPhone Developer";
				COPY_PHASE_STRIP = NO;
				CURRENT_PROJECT_VERSION = 1;
				DEBUG_INFORMATION_FORMAT = "dwarf-with-dsym";
				ENABLE_NS_ASSERTIONS = NO;
				ENABLE_STRICT_OBJC_MSGSEND = YES;
				GCC_C_LANGUAGE_STANDARD = gnu11;
				GCC_NO_COMMON_BLOCKS = YES;
				GCC_WARN_64_TO_32_BIT_CONVERSION = YES;
				GCC_WARN_ABOUT_RETURN_TYPE = YES_ERROR;
				GCC_WARN_UNDECLARED_SELECTOR = YES;
				GCC_WARN_UNINITIALIZED_AUTOS = YES_AGGRESSIVE;
				GCC_WARN_UNUSED_FUNCTION = YES;
				GCC_WARN_UNUSED_VARIABLE = YES;
				IPHONEOS_DEPLOYMENT_TARGET = 11.3;
				MTL_ENABLE_DEBUG_INFO = NO;
				SDKROOT = iphoneos;
				SWIFT_COMPILATION_MODE = wholemodule;
				SWIFT_OPTIMIZATION_LEVEL = "-O";
				VALIDATE_PRODUCT = YES;
				VERSIONING_SYSTEM = "apple-generic";
				VERSION_INFO_PREFIX = "";
			};
			name = Release;
		};
		1A7D9B752086470300FA997D /* Debug */ = {
			isa = XCBuildConfiguration;
			baseConfigurationReference = 0B3FA8D5CD50C93A81938144 /* Pods-MolueCommon.debug.xcconfig */;
			buildSettings = {
				ALWAYS_EMBED_SWIFT_STANDARD_LIBRARIES = NO;
				CLANG_ENABLE_MODULES = YES;
				CODE_SIGN_IDENTITY = "";
				CODE_SIGN_STYLE = Automatic;
				DEFINES_MODULE = YES;
				DYLIB_COMPATIBILITY_VERSION = 1;
				DYLIB_CURRENT_VERSION = 1;
				DYLIB_INSTALL_NAME_BASE = "@rpath";
				ENABLE_BITCODE = NO;
				INFOPLIST_FILE = MolueCommon/Info.plist;
				INSTALL_PATH = "$(LOCAL_LIBRARY_DIR)/Frameworks";
				IPHONEOS_DEPLOYMENT_TARGET = 9.0;
				LD_RUNPATH_SEARCH_PATHS = (
					"$(inherited)",
					"@executable_path/Frameworks",
					"@loader_path/Frameworks",
				);
				MACH_O_TYPE = mh_dylib;
				ONLY_ACTIVE_ARCH = YES;
				PRODUCT_BUNDLE_IDENTIFIER = Molue.MolueCommon;
				PRODUCT_NAME = "$(TARGET_NAME:c99extidentifier)";
				SKIP_INSTALL = YES;
				SWIFT_OPTIMIZATION_LEVEL = "-Onone";
				SWIFT_VERSION = 4.0;
				TARGETED_DEVICE_FAMILY = "1,2";
			};
			name = Debug;
		};
		1A7D9B762086470300FA997D /* Release */ = {
			isa = XCBuildConfiguration;
			baseConfigurationReference = 35A07F602272B6C2B8044368 /* Pods-MolueCommon.release.xcconfig */;
			buildSettings = {
				ALWAYS_EMBED_SWIFT_STANDARD_LIBRARIES = NO;
				CLANG_ENABLE_MODULES = YES;
				CODE_SIGN_IDENTITY = "";
				CODE_SIGN_STYLE = Automatic;
				DEFINES_MODULE = YES;
				DYLIB_COMPATIBILITY_VERSION = 1;
				DYLIB_CURRENT_VERSION = 1;
				DYLIB_INSTALL_NAME_BASE = "@rpath";
				ENABLE_BITCODE = NO;
				INFOPLIST_FILE = MolueCommon/Info.plist;
				INSTALL_PATH = "$(LOCAL_LIBRARY_DIR)/Frameworks";
				IPHONEOS_DEPLOYMENT_TARGET = 9.0;
				LD_RUNPATH_SEARCH_PATHS = (
					"$(inherited)",
					"@executable_path/Frameworks",
					"@loader_path/Frameworks",
				);
				MACH_O_TYPE = mh_dylib;
				ONLY_ACTIVE_ARCH = NO;
				PRODUCT_BUNDLE_IDENTIFIER = Molue.MolueCommon;
				PRODUCT_NAME = "$(TARGET_NAME:c99extidentifier)";
				SKIP_INSTALL = YES;
				SWIFT_VERSION = 4.0;
				TARGETED_DEVICE_FAMILY = "1,2";
			};
			name = Release;
		};
		1A7D9B782086470300FA997D /* Debug */ = {
			isa = XCBuildConfiguration;
			baseConfigurationReference = DC9DD27BB9DE6C0833D7E5B9 /* Pods-MolueCommonTests.debug.xcconfig */;
			buildSettings = {
				ALWAYS_EMBED_SWIFT_STANDARD_LIBRARIES = YES;
				CODE_SIGN_STYLE = Automatic;
				INFOPLIST_FILE = MolueCommonTests/Info.plist;
				LD_RUNPATH_SEARCH_PATHS = (
					"$(inherited)",
					"@executable_path/Frameworks",
					"@loader_path/Frameworks",
				);
				PRODUCT_BUNDLE_IDENTIFIER = Molue.MolueCommonTests;
				PRODUCT_NAME = "$(TARGET_NAME)";
				SWIFT_VERSION = 4.0;
				TARGETED_DEVICE_FAMILY = "1,2";
			};
			name = Debug;
		};
		1A7D9B792086470300FA997D /* Release */ = {
			isa = XCBuildConfiguration;
			baseConfigurationReference = 418FC30C5B9BCC635305D211 /* Pods-MolueCommonTests.release.xcconfig */;
			buildSettings = {
				ALWAYS_EMBED_SWIFT_STANDARD_LIBRARIES = YES;
				CODE_SIGN_STYLE = Automatic;
				INFOPLIST_FILE = MolueCommonTests/Info.plist;
				LD_RUNPATH_SEARCH_PATHS = (
					"$(inherited)",
					"@executable_path/Frameworks",
					"@loader_path/Frameworks",
				);
				PRODUCT_BUNDLE_IDENTIFIER = Molue.MolueCommonTests;
				PRODUCT_NAME = "$(TARGET_NAME)";
				SWIFT_VERSION = 4.0;
				TARGETED_DEVICE_FAMILY = "1,2";
			};
			name = Release;
		};
/* End XCBuildConfiguration section */

/* Begin XCConfigurationList section */
		1A7D9B5A2086470200FA997D /* Build configuration list for PBXProject "MolueCommon" */ = {
			isa = XCConfigurationList;
			buildConfigurations = (
				1A7D9B722086470300FA997D /* Debug */,
				1A7D9B732086470300FA997D /* Release */,
			);
			defaultConfigurationIsVisible = 0;
			defaultConfigurationName = Release;
		};
		1A7D9B742086470300FA997D /* Build configuration list for PBXNativeTarget "MolueCommon" */ = {
			isa = XCConfigurationList;
			buildConfigurations = (
				1A7D9B752086470300FA997D /* Debug */,
				1A7D9B762086470300FA997D /* Release */,
			);
			defaultConfigurationIsVisible = 0;
			defaultConfigurationName = Release;
		};
		1A7D9B772086470300FA997D /* Build configuration list for PBXNativeTarget "MolueCommonTests" */ = {
			isa = XCConfigurationList;
			buildConfigurations = (
				1A7D9B782086470300FA997D /* Debug */,
				1A7D9B792086470300FA997D /* Release */,
			);
			defaultConfigurationIsVisible = 0;
			defaultConfigurationName = Release;
		};
/* End XCConfigurationList section */
	};
	rootObject = 1A7D9B572086470200FA997D /* Project object */;
}
