// !$*UTF8*$!
{
	archiveVersion = 1;
	classes = {
	};
	objectVersion = 50;
	objects = {

/* Begin PBXBuildFile section */
		1A2558DF21586BB3007E58E0 /* MolueMediator.framework in Frameworks */ = {isa = PBXBuildFile; fileRef = 1A2558DE21586BB3007E58E0 /* MolueMediator.framework */; };
		1A2558E121586BEB007E58E0 /* MolueMediator.framework in Embed Frameworks */ = {isa = PBXBuildFile; fileRef = 1A2558DE21586BB3007E58E0 /* MolueMediator.framework */; settings = {ATTRIBUTES = (CodeSignOnCopy, RemoveHeadersOnCopy, ); }; };
		1A5014BD2095647B00DB931E /* AppDelegate+ThirdPart.swift in Sources */ = {isa = PBXBuildFile; fileRef = 1A5014BC2095647B00DB931E /* AppDelegate+ThirdPart.swift */; };
		1A602F1520A6D660003AD583 /* Appdelegate+Addtional.swift in Sources */ = {isa = PBXBuildFile; fileRef = 1A602F1420A6D660003AD583 /* Appdelegate+Addtional.swift */; };
		1A65038920DD51E60017F91D /* MolueSafty.xcassets in Resources */ = {isa = PBXBuildFile; fileRef = 1A35D80420DD3113002ED3CB /* MolueSafty.xcassets */; };
		1A65039C20DD55530017F91D /* MolueBook.xcassets in Resources */ = {isa = PBXBuildFile; fileRef = 1A65039B20DD55530017F91D /* MolueBook.xcassets */; };
		1A65039E20DD55640017F91D /* MolueRisk.xcassets in Resources */ = {isa = PBXBuildFile; fileRef = 1A65039D20DD55640017F91D /* MolueRisk.xcassets */; };
		1A6503A020DD55740017F91D /* MolueHome.xcassets in Resources */ = {isa = PBXBuildFile; fileRef = 1A65039F20DD55730017F91D /* MolueHome.xcassets */; };
		1A6503A220DD557C0017F91D /* MolueMine.xcassets in Resources */ = {isa = PBXBuildFile; fileRef = 1A6503A120DD557C0017F91D /* MolueMine.xcassets */; };
		1A6503A420DD55950017F91D /* MolueCommon.xcassets in Resources */ = {isa = PBXBuildFile; fileRef = 1A6503A320DD55940017F91D /* MolueCommon.xcassets */; };
		1A7D9A832084E73500FA997D /* AppDelegate.swift in Sources */ = {isa = PBXBuildFile; fileRef = 1A7D9A822084E73500FA997D /* AppDelegate.swift */; };
		1A7D9A982084E73600FA997D /* MolueSaftyTests.swift in Sources */ = {isa = PBXBuildFile; fileRef = 1A7D9A972084E73600FA997D /* MolueSaftyTests.swift */; };
		1A7D9AA32084E73600FA997D /* MolueSaftyUITests.swift in Sources */ = {isa = PBXBuildFile; fileRef = 1A7D9AA22084E73600FA997D /* MolueSaftyUITests.swift */; };
		1A9A6BBC20A1D1BE00A94535 /* MolueUser.swift in Sources */ = {isa = PBXBuildFile; fileRef = 1A9A6BBB20A1D1BE00A94535 /* MolueUser.swift */; };
		1A9BC9F72109FB090035FC21 /* MolueLoginPart.framework in Frameworks */ = {isa = PBXBuildFile; fileRef = 1A9BC9F62109FB090035FC21 /* MolueLoginPart.framework */; };
		1A9BC9F92109FB1C0035FC21 /* MolueLoginPart.framework in Embed Frameworks */ = {isa = PBXBuildFile; fileRef = 1A9BC9F62109FB090035FC21 /* MolueLoginPart.framework */; settings = {ATTRIBUTES = (CodeSignOnCopy, RemoveHeadersOnCopy, ); }; };
		1A9BC9FC210A02AD0035FC21 /* MolueLoginPart.framework in Resources */ = {isa = PBXBuildFile; fileRef = 1A9BC9F62109FB090035FC21 /* MolueLoginPart.framework */; };
		1A9BCA00210A03280035FC21 /* MolueLogin.xcassets in Resources */ = {isa = PBXBuildFile; fileRef = 1A9BC9FF210A03280035FC21 /* MolueLogin.xcassets */; };
		1A9BCA11210A23EA0035FC21 /* JingDianXingShuJian-1.ttf in Resources */ = {isa = PBXBuildFile; fileRef = 1A9BCA10210A23EA0035FC21 /* JingDianXingShuJian-1.ttf */; };
		1A9F23A220DE5DEF00751D2E /* MolueBookPart.framework in Frameworks */ = {isa = PBXBuildFile; fileRef = 1A9F238C20DE5DCF00751D2E /* MolueBookPart.framework */; };
		1A9F23A320DE5DEF00751D2E /* MolueBookPart.framework in Embed Frameworks */ = {isa = PBXBuildFile; fileRef = 1A9F238C20DE5DCF00751D2E /* MolueBookPart.framework */; settings = {ATTRIBUTES = (CodeSignOnCopy, RemoveHeadersOnCopy, ); }; };
		1A9F23A620DE5DEF00751D2E /* MolueCommon.framework in Frameworks */ = {isa = PBXBuildFile; fileRef = 1A9F238E20DE5DCF00751D2E /* MolueCommon.framework */; };
		1A9F23A720DE5DEF00751D2E /* MolueCommon.framework in Embed Frameworks */ = {isa = PBXBuildFile; fileRef = 1A9F238E20DE5DCF00751D2E /* MolueCommon.framework */; settings = {ATTRIBUTES = (CodeSignOnCopy, RemoveHeadersOnCopy, ); }; };
		1A9F23A820DE5DEF00751D2E /* MolueDatabase.framework in Frameworks */ = {isa = PBXBuildFile; fileRef = 1A9F239020DE5DCF00751D2E /* MolueDatabase.framework */; };
		1A9F23A920DE5DEF00751D2E /* MolueDatabase.framework in Embed Frameworks */ = {isa = PBXBuildFile; fileRef = 1A9F239020DE5DCF00751D2E /* MolueDatabase.framework */; settings = {ATTRIBUTES = (CodeSignOnCopy, RemoveHeadersOnCopy, ); }; };
		1A9F23AA20DE5DEF00751D2E /* MolueFoundation.framework in Frameworks */ = {isa = PBXBuildFile; fileRef = 1A9F239220DE5DCF00751D2E /* MolueFoundation.framework */; };
		1A9F23AB20DE5DEF00751D2E /* MolueFoundation.framework in Embed Frameworks */ = {isa = PBXBuildFile; fileRef = 1A9F239220DE5DCF00751D2E /* MolueFoundation.framework */; settings = {ATTRIBUTES = (CodeSignOnCopy, RemoveHeadersOnCopy, ); }; };
		1A9F23AC20DE5DEF00751D2E /* MolueHomePart.framework in Frameworks */ = {isa = PBXBuildFile; fileRef = 1A9F239420DE5DCF00751D2E /* MolueHomePart.framework */; };
		1A9F23AD20DE5DEF00751D2E /* MolueHomePart.framework in Embed Frameworks */ = {isa = PBXBuildFile; fileRef = 1A9F239420DE5DCF00751D2E /* MolueHomePart.framework */; settings = {ATTRIBUTES = (CodeSignOnCopy, RemoveHeadersOnCopy, ); }; };
		1A9F23AE20DE5DEF00751D2E /* MolueMinePart.framework in Frameworks */ = {isa = PBXBuildFile; fileRef = 1A9F239620DE5DCF00751D2E /* MolueMinePart.framework */; };
		1A9F23AF20DE5DEF00751D2E /* MolueMinePart.framework in Embed Frameworks */ = {isa = PBXBuildFile; fileRef = 1A9F239620DE5DCF00751D2E /* MolueMinePart.framework */; settings = {ATTRIBUTES = (CodeSignOnCopy, RemoveHeadersOnCopy, ); }; };
		1A9F23B020DE5DEF00751D2E /* MolueNavigator.framework in Frameworks */ = {isa = PBXBuildFile; fileRef = 1A9F239820DE5DCF00751D2E /* MolueNavigator.framework */; };
		1A9F23B120DE5DEF00751D2E /* MolueNavigator.framework in Embed Frameworks */ = {isa = PBXBuildFile; fileRef = 1A9F239820DE5DCF00751D2E /* MolueNavigator.framework */; settings = {ATTRIBUTES = (CodeSignOnCopy, RemoveHeadersOnCopy, ); }; };
		1A9F23B220DE5DEF00751D2E /* MolueNetwork.framework in Frameworks */ = {isa = PBXBuildFile; fileRef = 1A9F239A20DE5DCF00751D2E /* MolueNetwork.framework */; };
		1A9F23B320DE5DEF00751D2E /* MolueNetwork.framework in Embed Frameworks */ = {isa = PBXBuildFile; fileRef = 1A9F239A20DE5DCF00751D2E /* MolueNetwork.framework */; settings = {ATTRIBUTES = (CodeSignOnCopy, RemoveHeadersOnCopy, ); }; };
		1A9F23B420DE5DEF00751D2E /* MolueRiskPart.framework in Frameworks */ = {isa = PBXBuildFile; fileRef = 1A9F239C20DE5DCF00751D2E /* MolueRiskPart.framework */; };
		1A9F23B520DE5DEF00751D2E /* MolueRiskPart.framework in Embed Frameworks */ = {isa = PBXBuildFile; fileRef = 1A9F239C20DE5DCF00751D2E /* MolueRiskPart.framework */; settings = {ATTRIBUTES = (CodeSignOnCopy, RemoveHeadersOnCopy, ); }; };
		1A9F23B620DE5DEF00751D2E /* MolueUtilities.framework in Frameworks */ = {isa = PBXBuildFile; fileRef = 1A9F239E20DE5DCF00751D2E /* MolueUtilities.framework */; };
		1A9F23B720DE5DEF00751D2E /* MolueUtilities.framework in Embed Frameworks */ = {isa = PBXBuildFile; fileRef = 1A9F239E20DE5DCF00751D2E /* MolueUtilities.framework */; settings = {ATTRIBUTES = (CodeSignOnCopy, RemoveHeadersOnCopy, ); }; };
		1A9F23B820DE5E3300751D2E /* MolueBookPart.framework in Resources */ = {isa = PBXBuildFile; fileRef = 1A9F238C20DE5DCF00751D2E /* MolueBookPart.framework */; };
		1A9F23B920DE5E3300751D2E /* MolueCommon.framework in Resources */ = {isa = PBXBuildFile; fileRef = 1A9F238E20DE5DCF00751D2E /* MolueCommon.framework */; };
		1A9F23BA20DE5E3300751D2E /* MolueHomePart.framework in Resources */ = {isa = PBXBuildFile; fileRef = 1A9F239420DE5DCF00751D2E /* MolueHomePart.framework */; };
		1A9F23BB20DE5E3300751D2E /* MolueMinePart.framework in Resources */ = {isa = PBXBuildFile; fileRef = 1A9F239620DE5DCF00751D2E /* MolueMinePart.framework */; };
		1A9F23BC20DE5E3300751D2E /* MolueRiskPart.framework in Resources */ = {isa = PBXBuildFile; fileRef = 1A9F239C20DE5DCF00751D2E /* MolueRiskPart.framework */; };
		1AA5391F208A423F0095E2B4 /* AppDelegate+JPush.swift in Sources */ = {isa = PBXBuildFile; fileRef = 1AA5391E208A423F0095E2B4 /* AppDelegate+JPush.swift */; };
		1AB5D75221572BA400DA0B0D /* LaunchScreen.storyboard in Resources */ = {isa = PBXBuildFile; fileRef = 1AB5D75121572BA400DA0B0D /* LaunchScreen.storyboard */; };
		1AEB87E32092CA94002230A3 /* AppDelegate+UILogic.swift in Sources */ = {isa = PBXBuildFile; fileRef = 1AEB87E22092CA94002230A3 /* AppDelegate+UILogic.swift */; };
		AE82EC25E9957FA4BE502F93 /* Pods_MolueSafty.framework in Frameworks */ = {isa = PBXBuildFile; fileRef = E41EA7F2F87226125699BB04 /* Pods_MolueSafty.framework */; };
/* End PBXBuildFile section */

/* Begin PBXContainerItemProxy section */
		1A7D9A942084E73600FA997D /* PBXContainerItemProxy */ = {
			isa = PBXContainerItemProxy;
			containerPortal = 1A7D9A772084E73400FA997D /* Project object */;
			proxyType = 1;
			remoteGlobalIDString = 1A7D9A7E2084E73500FA997D;
			remoteInfo = MolueSafty;
		};
		1A7D9A9F2084E73600FA997D /* PBXContainerItemProxy */ = {
			isa = PBXContainerItemProxy;
			containerPortal = 1A7D9A772084E73400FA997D /* Project object */;
			proxyType = 1;
			remoteGlobalIDString = 1A7D9A7E2084E73500FA997D;
			remoteInfo = MolueSafty;
		};
/* End PBXContainerItemProxy section */

/* Begin PBXCopyFilesBuildPhase section */
		1A9F236220DE5D0500751D2E /* Embed Frameworks */ = {
			isa = PBXCopyFilesBuildPhase;
			buildActionMask = 2147483647;
			dstPath = "";
			dstSubfolderSpec = 10;
			files = (
				1A9F23AF20DE5DEF00751D2E /* MolueMinePart.framework in Embed Frameworks */,
				1A9F23B120DE5DEF00751D2E /* MolueNavigator.framework in Embed Frameworks */,
				1A2558E121586BEB007E58E0 /* MolueMediator.framework in Embed Frameworks */,
				1A9F23B720DE5DEF00751D2E /* MolueUtilities.framework in Embed Frameworks */,
				1A9F23A720DE5DEF00751D2E /* MolueCommon.framework in Embed Frameworks */,
				1A9F23AD20DE5DEF00751D2E /* MolueHomePart.framework in Embed Frameworks */,
				1A9F23B320DE5DEF00751D2E /* MolueNetwork.framework in Embed Frameworks */,
				1A9F23B520DE5DEF00751D2E /* MolueRiskPart.framework in Embed Frameworks */,
				1A9F23A320DE5DEF00751D2E /* MolueBookPart.framework in Embed Frameworks */,
				1A9F23A920DE5DEF00751D2E /* MolueDatabase.framework in Embed Frameworks */,
				1A9F23AB20DE5DEF00751D2E /* MolueFoundation.framework in Embed Frameworks */,
				1A9BC9F92109FB1C0035FC21 /* MolueLoginPart.framework in Embed Frameworks */,
			);
			name = "Embed Frameworks";
			runOnlyForDeploymentPostprocessing = 0;
		};
/* End PBXCopyFilesBuildPhase section */

/* Begin PBXFileReference section */
		1A2558DE21586BB3007E58E0 /* MolueMediator.framework */ = {isa = PBXFileReference; explicitFileType = wrapper.framework; path = MolueMediator.framework; sourceTree = BUILT_PRODUCTS_DIR; };
		1A35D80420DD3113002ED3CB /* MolueSafty.xcassets */ = {isa = PBXFileReference; lastKnownFileType = folder.assetcatalog; path = MolueSafty.xcassets; sourceTree = "<group>"; };
		1A5014BC2095647B00DB931E /* AppDelegate+ThirdPart.swift */ = {isa = PBXFileReference; lastKnownFileType = sourcecode.swift; path = "AppDelegate+ThirdPart.swift"; sourceTree = "<group>"; };
		1A602F1420A6D660003AD583 /* Appdelegate+Addtional.swift */ = {isa = PBXFileReference; lastKnownFileType = sourcecode.swift; path = "Appdelegate+Addtional.swift"; sourceTree = "<group>"; };
		1A65039B20DD55530017F91D /* MolueBook.xcassets */ = {isa = PBXFileReference; lastKnownFileType = folder.assetcatalog; name = MolueBook.xcassets; path = ../../MolueBookPart/MolueBookPart/MolueBook.xcassets; sourceTree = "<group>"; };
		1A65039D20DD55640017F91D /* MolueRisk.xcassets */ = {isa = PBXFileReference; lastKnownFileType = folder.assetcatalog; name = MolueRisk.xcassets; path = ../../MolueRiskPart/MolueRiskPart/MolueRisk.xcassets; sourceTree = "<group>"; };
		1A65039F20DD55730017F91D /* MolueHome.xcassets */ = {isa = PBXFileReference; lastKnownFileType = folder.assetcatalog; name = MolueHome.xcassets; path = ../../MolueHomePart/MolueHomePart/MolueHome.xcassets; sourceTree = "<group>"; };
		1A6503A120DD557C0017F91D /* MolueMine.xcassets */ = {isa = PBXFileReference; lastKnownFileType = folder.assetcatalog; name = MolueMine.xcassets; path = ../../MolueMinePart/MolueMinePart/MolueMine.xcassets; sourceTree = "<group>"; };
		1A6503A320DD55940017F91D /* MolueCommon.xcassets */ = {isa = PBXFileReference; lastKnownFileType = folder.assetcatalog; name = MolueCommon.xcassets; path = ../../MolueCommon/MolueCommon/MolueCommon.xcassets; sourceTree = "<group>"; };
		1A7D9A7F2084E73500FA997D /* MolueSafty.app */ = {isa = PBXFileReference; explicitFileType = wrapper.application; includeInIndex = 0; path = MolueSafty.app; sourceTree = BUILT_PRODUCTS_DIR; };
		1A7D9A822084E73500FA997D /* AppDelegate.swift */ = {isa = PBXFileReference; lastKnownFileType = sourcecode.swift; path = AppDelegate.swift; sourceTree = "<group>"; };
		1A7D9A8E2084E73600FA997D /* Info.plist */ = {isa = PBXFileReference; lastKnownFileType = text.plist.xml; path = Info.plist; sourceTree = "<group>"; };
		1A7D9A932084E73600FA997D /* MolueSaftyTests.xctest */ = {isa = PBXFileReference; explicitFileType = wrapper.cfbundle; includeInIndex = 0; path = MolueSaftyTests.xctest; sourceTree = BUILT_PRODUCTS_DIR; };
		1A7D9A972084E73600FA997D /* MolueSaftyTests.swift */ = {isa = PBXFileReference; lastKnownFileType = sourcecode.swift; path = MolueSaftyTests.swift; sourceTree = "<group>"; };
		1A7D9A992084E73600FA997D /* Info.plist */ = {isa = PBXFileReference; lastKnownFileType = text.plist.xml; path = Info.plist; sourceTree = "<group>"; };
		1A7D9A9E2084E73600FA997D /* MolueSaftyUITests.xctest */ = {isa = PBXFileReference; explicitFileType = wrapper.cfbundle; includeInIndex = 0; path = MolueSaftyUITests.xctest; sourceTree = BUILT_PRODUCTS_DIR; };
		1A7D9AA22084E73600FA997D /* MolueSaftyUITests.swift */ = {isa = PBXFileReference; lastKnownFileType = sourcecode.swift; path = MolueSaftyUITests.swift; sourceTree = "<group>"; };
		1A7D9AA42084E73600FA997D /* Info.plist */ = {isa = PBXFileReference; lastKnownFileType = text.plist.xml; path = Info.plist; sourceTree = "<group>"; };
		1A9A6BBB20A1D1BE00A94535 /* MolueUser.swift */ = {isa = PBXFileReference; fileEncoding = 4; lastKnownFileType = sourcecode.swift; path = MolueUser.swift; sourceTree = "<group>"; };
		1A9BC9F62109FB090035FC21 /* MolueLoginPart.framework */ = {isa = PBXFileReference; explicitFileType = wrapper.framework; path = MolueLoginPart.framework; sourceTree = BUILT_PRODUCTS_DIR; };
		1A9BC9FF210A03280035FC21 /* MolueLogin.xcassets */ = {isa = PBXFileReference; lastKnownFileType = folder.assetcatalog; name = MolueLogin.xcassets; path = ../../MolueLoginPart/MolueLoginPart/MolueLogin.xcassets; sourceTree = "<group>"; };
		1A9BCA10210A23EA0035FC21 /* JingDianXingShuJian-1.ttf */ = {isa = PBXFileReference; lastKnownFileType = file; path = "JingDianXingShuJian-1.ttf"; sourceTree = "<group>"; };
		1A9F238C20DE5DCF00751D2E /* MolueBookPart.framework */ = {isa = PBXFileReference; explicitFileType = wrapper.framework; path = MolueBookPart.framework; sourceTree = BUILT_PRODUCTS_DIR; };
		1A9F238E20DE5DCF00751D2E /* MolueCommon.framework */ = {isa = PBXFileReference; explicitFileType = wrapper.framework; path = MolueCommon.framework; sourceTree = BUILT_PRODUCTS_DIR; };
		1A9F239020DE5DCF00751D2E /* MolueDatabase.framework */ = {isa = PBXFileReference; explicitFileType = wrapper.framework; path = MolueDatabase.framework; sourceTree = BUILT_PRODUCTS_DIR; };
		1A9F239220DE5DCF00751D2E /* MolueFoundation.framework */ = {isa = PBXFileReference; explicitFileType = wrapper.framework; path = MolueFoundation.framework; sourceTree = BUILT_PRODUCTS_DIR; };
		1A9F239420DE5DCF00751D2E /* MolueHomePart.framework */ = {isa = PBXFileReference; explicitFileType = wrapper.framework; path = MolueHomePart.framework; sourceTree = BUILT_PRODUCTS_DIR; };
		1A9F239620DE5DCF00751D2E /* MolueMinePart.framework */ = {isa = PBXFileReference; explicitFileType = wrapper.framework; path = MolueMinePart.framework; sourceTree = BUILT_PRODUCTS_DIR; };
		1A9F239820DE5DCF00751D2E /* MolueNavigator.framework */ = {isa = PBXFileReference; explicitFileType = wrapper.framework; path = MolueNavigator.framework; sourceTree = BUILT_PRODUCTS_DIR; };
		1A9F239A20DE5DCF00751D2E /* MolueNetwork.framework */ = {isa = PBXFileReference; explicitFileType = wrapper.framework; path = MolueNetwork.framework; sourceTree = BUILT_PRODUCTS_DIR; };
		1A9F239C20DE5DCF00751D2E /* MolueRiskPart.framework */ = {isa = PBXFileReference; explicitFileType = wrapper.framework; path = MolueRiskPart.framework; sourceTree = BUILT_PRODUCTS_DIR; };
		1A9F239E20DE5DCF00751D2E /* MolueUtilities.framework */ = {isa = PBXFileReference; explicitFileType = wrapper.framework; path = MolueUtilities.framework; sourceTree = BUILT_PRODUCTS_DIR; };
		1A9F23A020DE5DDE00751D2E /* Pods_MolueSafty.framework */ = {isa = PBXFileReference; lastKnownFileType = wrapper.framework; name = Pods_MolueSafty.framework; path = "../../../Library/Developer/Xcode/DerivedData/MolueSafty-blgevaoqdzfoxecslfgkahhfzztq/Build/Products/Debug-iphoneos/Pods_MolueSafty.framework"; sourceTree = "<group>"; };
		1AA538F6208A21440095E2B4 /* Objective-C-Bridging-Header.h */ = {isa = PBXFileReference; lastKnownFileType = sourcecode.c.h; path = "Objective-C-Bridging-Header.h"; sourceTree = "<group>"; };
		1AA5391E208A423F0095E2B4 /* AppDelegate+JPush.swift */ = {isa = PBXFileReference; lastKnownFileType = sourcecode.swift; path = "AppDelegate+JPush.swift"; sourceTree = "<group>"; };
		1AB5D74F215717B900DA0B0D /* libc++.tbd */ = {isa = PBXFileReference; lastKnownFileType = "sourcecode.text-based-dylib-definition"; name = "libc++.tbd"; path = "usr/lib/libc++.tbd"; sourceTree = SDKROOT; };
		1AB5D75121572BA400DA0B0D /* LaunchScreen.storyboard */ = {isa = PBXFileReference; lastKnownFileType = file.storyboard; path = LaunchScreen.storyboard; sourceTree = "<group>"; };
		1AEB87E22092CA94002230A3 /* AppDelegate+UILogic.swift */ = {isa = PBXFileReference; lastKnownFileType = sourcecode.swift; path = "AppDelegate+UILogic.swift"; sourceTree = "<group>"; };
		C1101899D8BB4F0B413F8CE1 /* Pods-MolueSafty.release.xcconfig */ = {isa = PBXFileReference; includeInIndex = 1; lastKnownFileType = text.xcconfig; name = "Pods-MolueSafty.release.xcconfig"; path = "../Pods/Target Support Files/Pods-MolueSafty/Pods-MolueSafty.release.xcconfig"; sourceTree = "<group>"; };
		E41EA7F2F87226125699BB04 /* Pods_MolueSafty.framework */ = {isa = PBXFileReference; explicitFileType = wrapper.framework; includeInIndex = 0; path = Pods_MolueSafty.framework; sourceTree = BUILT_PRODUCTS_DIR; };
		F456BA4D9799A7B589E89FF9 /* Pods-MolueSafty.debug.xcconfig */ = {isa = PBXFileReference; includeInIndex = 1; lastKnownFileType = text.xcconfig; name = "Pods-MolueSafty.debug.xcconfig"; path = "../Pods/Target Support Files/Pods-MolueSafty/Pods-MolueSafty.debug.xcconfig"; sourceTree = "<group>"; };
/* End PBXFileReference section */

/* Begin PBXFrameworksBuildPhase section */
		1A7D9A7C2084E73500FA997D /* Frameworks */ = {
			isa = PBXFrameworksBuildPhase;
			buildActionMask = 2147483647;
			files = (
				1A2558DF21586BB3007E58E0 /* MolueMediator.framework in Frameworks */,
				1A9BC9F72109FB090035FC21 /* MolueLoginPart.framework in Frameworks */,
				1A9F23A220DE5DEF00751D2E /* MolueBookPart.framework in Frameworks */,
				1A9F23B420DE5DEF00751D2E /* MolueRiskPart.framework in Frameworks */,
				1A9F23AC20DE5DEF00751D2E /* MolueHomePart.framework in Frameworks */,
				1A9F23B620DE5DEF00751D2E /* MolueUtilities.framework in Frameworks */,
				1A9F23A820DE5DEF00751D2E /* MolueDatabase.framework in Frameworks */,
				1A9F23A620DE5DEF00751D2E /* MolueCommon.framework in Frameworks */,
				1A9F23B220DE5DEF00751D2E /* MolueNetwork.framework in Frameworks */,
				1A9F23B020DE5DEF00751D2E /* MolueNavigator.framework in Frameworks */,
				1A9F23AA20DE5DEF00751D2E /* MolueFoundation.framework in Frameworks */,
				1A9F23AE20DE5DEF00751D2E /* MolueMinePart.framework in Frameworks */,
				AE82EC25E9957FA4BE502F93 /* Pods_MolueSafty.framework in Frameworks */,
			);
			runOnlyForDeploymentPostprocessing = 0;
		};
		1A7D9A902084E73600FA997D /* Frameworks */ = {
			isa = PBXFrameworksBuildPhase;
			buildActionMask = 2147483647;
			files = (
			);
			runOnlyForDeploymentPostprocessing = 0;
		};
		1A7D9A9B2084E73600FA997D /* Frameworks */ = {
			isa = PBXFrameworksBuildPhase;
			buildActionMask = 2147483647;
			files = (
			);
			runOnlyForDeploymentPostprocessing = 0;
		};
/* End PBXFrameworksBuildPhase section */

/* Begin PBXGroup section */
		1A35D80320DD3065002ED3CB /* MolueImages */ = {
			isa = PBXGroup;
			children = (
				1A9BC9FF210A03280035FC21 /* MolueLogin.xcassets */,
				1A6503A320DD55940017F91D /* MolueCommon.xcassets */,
				1A6503A120DD557C0017F91D /* MolueMine.xcassets */,
				1A65039F20DD55730017F91D /* MolueHome.xcassets */,
				1A65039D20DD55640017F91D /* MolueRisk.xcassets */,
				1A65039B20DD55530017F91D /* MolueBook.xcassets */,
				1A35D80420DD3113002ED3CB /* MolueSafty.xcassets */,
			);
			path = MolueImages;
			sourceTree = "<group>";
		};
		1A7D9A762084E73400FA997D = {
			isa = PBXGroup;
			children = (
				1A35D80320DD3065002ED3CB /* MolueImages */,
				1A7D9A812084E73500FA997D /* MolueSafty */,
				1A7D9A962084E73600FA997D /* MolueSaftyTests */,
				1A7D9AA12084E73600FA997D /* MolueSaftyUITests */,
				1A7D9A802084E73500FA997D /* Products */,
				B09D39C51847581290F626C5 /* Pods */,
				83E91D7A2F4B97501AC8DD7E /* Frameworks */,
			);
			sourceTree = "<group>";
		};
		1A7D9A802084E73500FA997D /* Products */ = {
			isa = PBXGroup;
			children = (
				1A7D9A7F2084E73500FA997D /* MolueSafty.app */,
				1A7D9A932084E73600FA997D /* MolueSaftyTests.xctest */,
				1A7D9A9E2084E73600FA997D /* MolueSaftyUITests.xctest */,
			);
			name = Products;
			sourceTree = "<group>";
		};
		1A7D9A812084E73500FA997D /* MolueSafty */ = {
			isa = PBXGroup;
			children = (
				1A9BCA01210A1A9C0035FC21 /* AddtionalFiles */,
				1A9A6BBB20A1D1BE00A94535 /* MolueUser.swift */,
				1A7D9A822084E73500FA997D /* AppDelegate.swift */,
				1A602F1420A6D660003AD583 /* Appdelegate+Addtional.swift */,
				1A5014BC2095647B00DB931E /* AppDelegate+ThirdPart.swift */,
				1AA5391E208A423F0095E2B4 /* AppDelegate+JPush.swift */,
				1AEB87E22092CA94002230A3 /* AppDelegate+UILogic.swift */,
				1A7D9A8E2084E73600FA997D /* Info.plist */,
				1AA538F6208A21440095E2B4 /* Objective-C-Bridging-Header.h */,
			);
			path = MolueSafty;
			sourceTree = "<group>";
		};
		1A7D9A962084E73600FA997D /* MolueSaftyTests */ = {
			isa = PBXGroup;
			children = (
				1A7D9A972084E73600FA997D /* MolueSaftyTests.swift */,
				1A7D9A992084E73600FA997D /* Info.plist */,
			);
			path = MolueSaftyTests;
			sourceTree = "<group>";
		};
		1A7D9AA12084E73600FA997D /* MolueSaftyUITests */ = {
			isa = PBXGroup;
			children = (
				1A7D9AA22084E73600FA997D /* MolueSaftyUITests.swift */,
				1A7D9AA42084E73600FA997D /* Info.plist */,
			);
			path = MolueSaftyUITests;
			sourceTree = "<group>";
		};
		1A9BCA01210A1A9C0035FC21 /* AddtionalFiles */ = {
			isa = PBXGroup;
			children = (
				1A9BCA10210A23EA0035FC21 /* JingDianXingShuJian-1.ttf */,
				1AB5D75121572BA400DA0B0D /* LaunchScreen.storyboard */,
			);
			path = AddtionalFiles;
			sourceTree = "<group>";
		};
		83E91D7A2F4B97501AC8DD7E /* Frameworks */ = {
			isa = PBXGroup;
			children = (
				1A2558DE21586BB3007E58E0 /* MolueMediator.framework */,
				1AB5D74F215717B900DA0B0D /* libc++.tbd */,
				1A9BC9F62109FB090035FC21 /* MolueLoginPart.framework */,
				1A9F238C20DE5DCF00751D2E /* MolueBookPart.framework */,
				1A9F23A020DE5DDE00751D2E /* Pods_MolueSafty.framework */,
				1A9F238E20DE5DCF00751D2E /* MolueCommon.framework */,
				1A9F239020DE5DCF00751D2E /* MolueDatabase.framework */,
				1A9F239220DE5DCF00751D2E /* MolueFoundation.framework */,
				1A9F239420DE5DCF00751D2E /* MolueHomePart.framework */,
				1A9F239620DE5DCF00751D2E /* MolueMinePart.framework */,
				1A9F239820DE5DCF00751D2E /* MolueNavigator.framework */,
				1A9F239A20DE5DCF00751D2E /* MolueNetwork.framework */,
				1A9F239C20DE5DCF00751D2E /* MolueRiskPart.framework */,
				1A9F239E20DE5DCF00751D2E /* MolueUtilities.framework */,
				E41EA7F2F87226125699BB04 /* Pods_MolueSafty.framework */,
			);
			name = Frameworks;
			sourceTree = "<group>";
		};
		B09D39C51847581290F626C5 /* Pods */ = {
			isa = PBXGroup;
			children = (
				C1101899D8BB4F0B413F8CE1 /* Pods-MolueSafty.release.xcconfig */,
				F456BA4D9799A7B589E89FF9 /* Pods-MolueSafty.debug.xcconfig */,
			);
			name = Pods;
			sourceTree = "<group>";
		};
/* End PBXGroup section */

/* Begin PBXNativeTarget section */
		1A7D9A7E2084E73500FA997D /* MolueSafty */ = {
			isa = PBXNativeTarget;
			buildConfigurationList = 1A7D9AA72084E73600FA997D /* Build configuration list for PBXNativeTarget "MolueSafty" */;
			buildPhases = (
				7D2CD630E5C3643BDA4F2585 /* [CP] Check Pods Manifest.lock */,
				1A7D9A7B2084E73500FA997D /* Sources */,
				1A7D9A7C2084E73500FA997D /* Frameworks */,
				1A7D9A7D2084E73500FA997D /* Resources */,
				93ACA222656BBB64E109AC6D /* [CP] Embed Pods Frameworks */,
				1A9F236220DE5D0500751D2E /* Embed Frameworks */,
				AE592D121B8C3ACB76EB6F44 /* [CP] Copy Pods Resources */,
			);
			buildRules = (
			);
			dependencies = (
			);
			name = MolueSafty;
			productName = MolueSafty;
			productReference = 1A7D9A7F2084E73500FA997D /* MolueSafty.app */;
			productType = "com.apple.product-type.application";
		};
		1A7D9A922084E73600FA997D /* MolueSaftyTests */ = {
			isa = PBXNativeTarget;
			buildConfigurationList = 1A7D9AAA2084E73600FA997D /* Build configuration list for PBXNativeTarget "MolueSaftyTests" */;
			buildPhases = (
				1A7D9A8F2084E73600FA997D /* Sources */,
				1A7D9A902084E73600FA997D /* Frameworks */,
				1A7D9A912084E73600FA997D /* Resources */,
			);
			buildRules = (
			);
			dependencies = (
				1A7D9A952084E73600FA997D /* PBXTargetDependency */,
			);
			name = MolueSaftyTests;
			productName = MolueSaftyTests;
			productReference = 1A7D9A932084E73600FA997D /* MolueSaftyTests.xctest */;
			productType = "com.apple.product-type.bundle.unit-test";
		};
		1A7D9A9D2084E73600FA997D /* MolueSaftyUITests */ = {
			isa = PBXNativeTarget;
			buildConfigurationList = 1A7D9AAD2084E73600FA997D /* Build configuration list for PBXNativeTarget "MolueSaftyUITests" */;
			buildPhases = (
				1A7D9A9A2084E73600FA997D /* Sources */,
				1A7D9A9B2084E73600FA997D /* Frameworks */,
				1A7D9A9C2084E73600FA997D /* Resources */,
			);
			buildRules = (
			);
			dependencies = (
				1A7D9AA02084E73600FA997D /* PBXTargetDependency */,
			);
			name = MolueSaftyUITests;
			productName = MolueSaftyUITests;
			productReference = 1A7D9A9E2084E73600FA997D /* MolueSaftyUITests.xctest */;
			productType = "com.apple.product-type.bundle.ui-testing";
		};
/* End PBXNativeTarget section */

/* Begin PBXProject section */
		1A7D9A772084E73400FA997D /* Project object */ = {
			isa = PBXProject;
			attributes = {
				LastSwiftUpdateCheck = 0930;
				LastUpgradeCheck = 1010;
				ORGANIZATIONNAME = MolueTech;
				TargetAttributes = {
					1A7D9A7E2084E73500FA997D = {
						CreatedOnToolsVersion = 9.3;
						LastSwiftMigration = 1000;
					};
					1A7D9A922084E73600FA997D = {
						CreatedOnToolsVersion = 9.3;
						LastSwiftMigration = 1000;
						TestTargetID = 1A7D9A7E2084E73500FA997D;
					};
					1A7D9A9D2084E73600FA997D = {
						CreatedOnToolsVersion = 9.3;
						LastSwiftMigration = 1000;
						TestTargetID = 1A7D9A7E2084E73500FA997D;
					};
				};
			};
			buildConfigurationList = 1A7D9A7A2084E73400FA997D /* Build configuration list for PBXProject "MolueSafty" */;
			compatibilityVersion = "Xcode 9.3";
			developmentRegion = en;
			hasScannedForEncodings = 0;
			knownRegions = (
				en,
				Base,
			);
			mainGroup = 1A7D9A762084E73400FA997D;
			productRefGroup = 1A7D9A802084E73500FA997D /* Products */;
			projectDirPath = "";
			projectRoot = "";
			targets = (
				1A7D9A7E2084E73500FA997D /* MolueSafty */,
				1A7D9A922084E73600FA997D /* MolueSaftyTests */,
				1A7D9A9D2084E73600FA997D /* MolueSaftyUITests */,
			);
		};
/* End PBXProject section */

/* Begin PBXResourcesBuildPhase section */
		1A7D9A7D2084E73500FA997D /* Resources */ = {
			isa = PBXResourcesBuildPhase;
			buildActionMask = 2147483647;
			files = (
				1A9BC9FC210A02AD0035FC21 /* MolueLoginPart.framework in Resources */,
				1A9F23B820DE5E3300751D2E /* MolueBookPart.framework in Resources */,
				1A9F23B920DE5E3300751D2E /* MolueCommon.framework in Resources */,
				1AB5D75221572BA400DA0B0D /* LaunchScreen.storyboard in Resources */,
				1A9F23BA20DE5E3300751D2E /* MolueHomePart.framework in Resources */,
				1A9F23BB20DE5E3300751D2E /* MolueMinePart.framework in Resources */,
				1A9F23BC20DE5E3300751D2E /* MolueRiskPart.framework in Resources */,
				1A9BCA00210A03280035FC21 /* MolueLogin.xcassets in Resources */,
				1A65038920DD51E60017F91D /* MolueSafty.xcassets in Resources */,
				1A65039E20DD55640017F91D /* MolueRisk.xcassets in Resources */,
				1A6503A420DD55950017F91D /* MolueCommon.xcassets in Resources */,
				1A65039C20DD55530017F91D /* MolueBook.xcassets in Resources */,
				1A6503A020DD55740017F91D /* MolueHome.xcassets in Resources */,
				1A6503A220DD557C0017F91D /* MolueMine.xcassets in Resources */,
				1A9BCA11210A23EA0035FC21 /* JingDianXingShuJian-1.ttf in Resources */,
			);
			runOnlyForDeploymentPostprocessing = 0;
		};
		1A7D9A912084E73600FA997D /* Resources */ = {
			isa = PBXResourcesBuildPhase;
			buildActionMask = 2147483647;
			files = (
			);
			runOnlyForDeploymentPostprocessing = 0;
		};
		1A7D9A9C2084E73600FA997D /* Resources */ = {
			isa = PBXResourcesBuildPhase;
			buildActionMask = 2147483647;
			files = (
			);
			runOnlyForDeploymentPostprocessing = 0;
		};
/* End PBXResourcesBuildPhase section */

/* Begin PBXShellScriptBuildPhase section */
		7D2CD630E5C3643BDA4F2585 /* [CP] Check Pods Manifest.lock */ = {
			isa = PBXShellScriptBuildPhase;
			buildActionMask = 2147483647;
			files = (
			);
			inputPaths = (
				"${PODS_PODFILE_DIR_PATH}/Podfile.lock",
				"${PODS_ROOT}/Manifest.lock",
			);
			name = "[CP] Check Pods Manifest.lock";
			outputPaths = (
				"$(DERIVED_FILE_DIR)/Pods-MolueSafty-checkManifestLockResult.txt",
			);
			runOnlyForDeploymentPostprocessing = 0;
			shellPath = /bin/sh;
			shellScript = "diff \"${PODS_PODFILE_DIR_PATH}/Podfile.lock\" \"${PODS_ROOT}/Manifest.lock\" > /dev/null\nif [ $? != 0 ] ; then\n    # print error to STDERR\n    echo \"error: The sandbox is not in sync with the Podfile.lock. Run 'pod install' or update your CocoaPods installation.\" >&2\n    exit 1\nfi\n# This output is used by Xcode 'outputs' to avoid re-running this script phase.\necho \"SUCCESS\" > \"${SCRIPT_OUTPUT_FILE_0}\"\n";
			showEnvVarsInLog = 0;
		};
		93ACA222656BBB64E109AC6D /* [CP] Embed Pods Frameworks */ = {
			isa = PBXShellScriptBuildPhase;
			buildActionMask = 2147483647;
			files = (
			);
			inputPaths = (
				"${SRCROOT}/../Pods/Target Support Files/Pods-MolueSafty/Pods-MolueSafty-frameworks.sh",
				"${BUILT_PRODUCTS_DIR}/Alamofire/Alamofire.framework",
				"${BUILT_PRODUCTS_DIR}/AppSwizzle/AppSwizzle.framework",
				"${BUILT_PRODUCTS_DIR}/Bolts-Swift/BoltsSwift.framework",
				"${BUILT_PRODUCTS_DIR}/CryptoSwift/CryptoSwift.framework",
				"${BUILT_PRODUCTS_DIR}/ESPullToRefresh/ESPullToRefresh.framework",
				"${BUILT_PRODUCTS_DIR}/Gallery/Gallery.framework",
				"${BUILT_PRODUCTS_DIR}/IQKeyboardManagerSwift/IQKeyboardManagerSwift.framework",
				"${BUILT_PRODUCTS_DIR}/JGProgressHUD/JGProgressHUD.framework",
				"${BUILT_PRODUCTS_DIR}/Kingfisher/Kingfisher.framework",
				"${BUILT_PRODUCTS_DIR}/LeakEye/LeakEye.framework",
				"${BUILT_PRODUCTS_DIR}/Locksmith/Locksmith.framework",
				"${BUILT_PRODUCTS_DIR}/NVActivityIndicatorView/NVActivityIndicatorView.framework",
				"${BUILT_PRODUCTS_DIR}/ObjectMapper/ObjectMapper.framework",
				"${BUILT_PRODUCTS_DIR}/Permission/Permission.framework",
				"${BUILT_PRODUCTS_DIR}/RxSwift/RxSwift.framework",
				"${BUILT_PRODUCTS_DIR}/SQLite.swift/SQLite.framework",
				"${BUILT_PRODUCTS_DIR}/SnapKit/SnapKit.framework",
				"${BUILT_PRODUCTS_DIR}/URLNavigator/URLNavigator.framework",
				"${BUILT_PRODUCTS_DIR}/ViewAnimator/ViewAnimator.framework",
			);
			name = "[CP] Embed Pods Frameworks";
			outputPaths = (
				"${TARGET_BUILD_DIR}/${FRAMEWORKS_FOLDER_PATH}/Alamofire.framework",
				"${TARGET_BUILD_DIR}/${FRAMEWORKS_FOLDER_PATH}/AppSwizzle.framework",
				"${TARGET_BUILD_DIR}/${FRAMEWORKS_FOLDER_PATH}/BoltsSwift.framework",
				"${TARGET_BUILD_DIR}/${FRAMEWORKS_FOLDER_PATH}/CryptoSwift.framework",
				"${TARGET_BUILD_DIR}/${FRAMEWORKS_FOLDER_PATH}/ESPullToRefresh.framework",
				"${TARGET_BUILD_DIR}/${FRAMEWORKS_FOLDER_PATH}/Gallery.framework",
				"${TARGET_BUILD_DIR}/${FRAMEWORKS_FOLDER_PATH}/IQKeyboardManagerSwift.framework",
				"${TARGET_BUILD_DIR}/${FRAMEWORKS_FOLDER_PATH}/JGProgressHUD.framework",
				"${TARGET_BUILD_DIR}/${FRAMEWORKS_FOLDER_PATH}/Kingfisher.framework",
				"${TARGET_BUILD_DIR}/${FRAMEWORKS_FOLDER_PATH}/LeakEye.framework",
				"${TARGET_BUILD_DIR}/${FRAMEWORKS_FOLDER_PATH}/Locksmith.framework",
				"${TARGET_BUILD_DIR}/${FRAMEWORKS_FOLDER_PATH}/NVActivityIndicatorView.framework",
				"${TARGET_BUILD_DIR}/${FRAMEWORKS_FOLDER_PATH}/ObjectMapper.framework",
				"${TARGET_BUILD_DIR}/${FRAMEWORKS_FOLDER_PATH}/Permission.framework",
				"${TARGET_BUILD_DIR}/${FRAMEWORKS_FOLDER_PATH}/RxSwift.framework",
				"${TARGET_BUILD_DIR}/${FRAMEWORKS_FOLDER_PATH}/SQLite.framework",
				"${TARGET_BUILD_DIR}/${FRAMEWORKS_FOLDER_PATH}/SnapKit.framework",
				"${TARGET_BUILD_DIR}/${FRAMEWORKS_FOLDER_PATH}/URLNavigator.framework",
				"${TARGET_BUILD_DIR}/${FRAMEWORKS_FOLDER_PATH}/ViewAnimator.framework",
			);
			runOnlyForDeploymentPostprocessing = 0;
			shellPath = /bin/sh;
			shellScript = "\"${SRCROOT}/../Pods/Target Support Files/Pods-MolueSafty/Pods-MolueSafty-frameworks.sh\"\n";
			showEnvVarsInLog = 0;
		};
		AE592D121B8C3ACB76EB6F44 /* [CP] Copy Pods Resources */ = {
			isa = PBXShellScriptBuildPhase;
			buildActionMask = 2147483647;
			files = (
			);
			inputPaths = (
				"${SRCROOT}/../Pods/Target Support Files/Pods-MolueSafty/Pods-MolueSafty-resources.sh",
				"${PODS_ROOT}/AMap3DMap/MAMapKit.framework/AMap.bundle",
			);
			name = "[CP] Copy Pods Resources";
			outputPaths = (
				"${TARGET_BUILD_DIR}/${UNLOCALIZED_RESOURCES_FOLDER_PATH}/AMap.bundle",
			);
			runOnlyForDeploymentPostprocessing = 0;
			shellPath = /bin/sh;
			shellScript = "\"${SRCROOT}/../Pods/Target Support Files/Pods-MolueSafty/Pods-MolueSafty-resources.sh\"\n";
			showEnvVarsInLog = 0;
		};
/* End PBXShellScriptBuildPhase section */

/* Begin PBXSourcesBuildPhase section */
		1A7D9A7B2084E73500FA997D /* Sources */ = {
			isa = PBXSourcesBuildPhase;
			buildActionMask = 2147483647;
			files = (
				1AEB87E32092CA94002230A3 /* AppDelegate+UILogic.swift in Sources */,
				1A9A6BBC20A1D1BE00A94535 /* MolueUser.swift in Sources */,
				1A5014BD2095647B00DB931E /* AppDelegate+ThirdPart.swift in Sources */,
				1A7D9A832084E73500FA997D /* AppDelegate.swift in Sources */,
				1A602F1520A6D660003AD583 /* Appdelegate+Addtional.swift in Sources */,
				1AA5391F208A423F0095E2B4 /* AppDelegate+JPush.swift in Sources */,
			);
			runOnlyForDeploymentPostprocessing = 0;
		};
		1A7D9A8F2084E73600FA997D /* Sources */ = {
			isa = PBXSourcesBuildPhase;
			buildActionMask = 2147483647;
			files = (
				1A7D9A982084E73600FA997D /* MolueSaftyTests.swift in Sources */,
			);
			runOnlyForDeploymentPostprocessing = 0;
		};
		1A7D9A9A2084E73600FA997D /* Sources */ = {
			isa = PBXSourcesBuildPhase;
			buildActionMask = 2147483647;
			files = (
				1A7D9AA32084E73600FA997D /* MolueSaftyUITests.swift in Sources */,
			);
			runOnlyForDeploymentPostprocessing = 0;
		};
/* End PBXSourcesBuildPhase section */

/* Begin PBXTargetDependency section */
		1A7D9A952084E73600FA997D /* PBXTargetDependency */ = {
			isa = PBXTargetDependency;
			target = 1A7D9A7E2084E73500FA997D /* MolueSafty */;
			targetProxy = 1A7D9A942084E73600FA997D /* PBXContainerItemProxy */;
		};
		1A7D9AA02084E73600FA997D /* PBXTargetDependency */ = {
			isa = PBXTargetDependency;
			target = 1A7D9A7E2084E73500FA997D /* MolueSafty */;
			targetProxy = 1A7D9A9F2084E73600FA997D /* PBXContainerItemProxy */;
		};
/* End PBXTargetDependency section */

/* Begin XCBuildConfiguration section */
		1AAD072D20879962008C4F7A /* Release */ = {
			isa = XCBuildConfiguration;
			buildSettings = {
				ALWAYS_SEARCH_USER_PATHS = NO;
				CLANG_ANALYZER_LOCALIZABILITY_NONLOCALIZED = YES;
				CLANG_ANALYZER_NONNULL = YES;
				CLANG_ANALYZER_NUMBER_OBJECT_CONVERSION = YES_AGGRESSIVE;
				CLANG_CXX_LANGUAGE_STANDARD = "gnu++14";
				CLANG_CXX_LIBRARY = "libc++";
				CLANG_ENABLE_MODULES = YES;
				CLANG_ENABLE_OBJC_ARC = YES;
				CLANG_ENABLE_OBJC_WEAK = YES;
				CLANG_WARN_BLOCK_CAPTURE_AUTORELEASING = YES;
				CLANG_WARN_BOOL_CONVERSION = YES;
				CLANG_WARN_COMMA = YES;
				CLANG_WARN_CONSTANT_CONVERSION = YES;
				CLANG_WARN_DEPRECATED_OBJC_IMPLEMENTATIONS = YES;
				CLANG_WARN_DIRECT_OBJC_ISA_USAGE = YES_ERROR;
				CLANG_WARN_DOCUMENTATION_COMMENTS = YES;
				CLANG_WARN_EMPTY_BODY = YES;
				CLANG_WARN_ENUM_CONVERSION = YES;
				CLANG_WARN_INFINITE_RECURSION = YES;
				CLANG_WARN_INT_CONVERSION = YES;
				CLANG_WARN_NON_LITERAL_NULL_CONVERSION = YES;
				CLANG_WARN_OBJC_IMPLICIT_RETAIN_SELF = YES;
				CLANG_WARN_OBJC_LITERAL_CONVERSION = YES;
				CLANG_WARN_OBJC_ROOT_CLASS = YES_ERROR;
				CLANG_WARN_RANGE_LOOP_ANALYSIS = YES;
				CLANG_WARN_STRICT_PROTOTYPES = YES;
				CLANG_WARN_SUSPICIOUS_MOVE = YES;
				CLANG_WARN_UNGUARDED_AVAILABILITY = YES_AGGRESSIVE;
				CLANG_WARN_UNREACHABLE_CODE = YES;
				CLANG_WARN__DUPLICATE_METHOD_MATCH = YES;
				CODE_SIGN_IDENTITY = "iPhone Developer";
				COPY_PHASE_STRIP = NO;
				DEBUG_INFORMATION_FORMAT = dwarf;
				ENABLE_STRICT_OBJC_MSGSEND = YES;
				ENABLE_TESTABILITY = YES;
				GCC_C_LANGUAGE_STANDARD = gnu11;
				GCC_DYNAMIC_NO_PIC = NO;
				GCC_NO_COMMON_BLOCKS = YES;
				GCC_OPTIMIZATION_LEVEL = 0;
				GCC_PREPROCESSOR_DEFINITIONS = (
					"DEBUG=1",
					"$(inherited)",
				);
				GCC_SYMBOLS_PRIVATE_EXTERN = NO;
				GCC_WARN_64_TO_32_BIT_CONVERSION = YES;
				GCC_WARN_ABOUT_RETURN_TYPE = YES_ERROR;
				GCC_WARN_UNDECLARED_SELECTOR = YES;
				GCC_WARN_UNINITIALIZED_AUTOS = YES_AGGRESSIVE;
				GCC_WARN_UNUSED_FUNCTION = YES;
				GCC_WARN_UNUSED_VARIABLE = YES;
				IPHONEOS_DEPLOYMENT_TARGET = 11.3;
				MTL_ENABLE_DEBUG_INFO = YES;
				ONLY_ACTIVE_ARCH = YES;
				SDKROOT = iphoneos;
				SWIFT_ACTIVE_COMPILATION_CONDITIONS = DEBUG;
				SWIFT_COMPILATION_MODE = wholemodule;
				SWIFT_OPTIMIZATION_LEVEL = "-Onone";
			};
			name = Release;
		};
		1AAD072E20879962008C4F7A /* Release */ = {
			isa = XCBuildConfiguration;
			baseConfigurationReference = C1101899D8BB4F0B413F8CE1 /* Pods-MolueSafty.release.xcconfig */;
			buildSettings = {
				ASSETCATALOG_COMPILER_APPICON_NAME = AppIcon;
				CLANG_WARN_OBJC_IMPLICIT_RETAIN_SELF = YES;
				CLANG_WARN_OBJC_REPEATED_USE_OF_WEAK = NO;
				CLANG_WARN_RANGE_LOOP_ANALYSIS = YES;
				CLANG_WARN_SUSPICIOUS_MOVE = YES;
				CODE_SIGN_IDENTITY = "iPhone Developer";
				CODE_SIGN_STYLE = Automatic;
				DEVELOPMENT_TEAM = XZCT6885AK;
				ENABLE_BITCODE = YES;
				FRAMEWORK_SEARCH_PATHS = "$(inherited)";
				GCC_SYMBOLS_PRIVATE_EXTERN = YES;
				GCC_WARN_ABOUT_INVALID_OFFSETOF_MACRO = YES;
				GCC_WARN_INHIBIT_ALL_WARNINGS = NO;
				INFOPLIST_FILE = MolueSafty/Info.plist;
				IPHONEOS_DEPLOYMENT_TARGET = 9.0;
				LD_RUNPATH_SEARCH_PATHS = (
					"@executable_path/Frameworks",
					"$(inherited)",
				);
				LIBRARY_SEARCH_PATHS = (
					"\"${PODS_ROOT}/JCore\"",
					"\"${PODS_ROOT}/JPush\"",
					"$(inherited)",
				);
				ONLY_ACTIVE_ARCH = NO;
				OTHER_CPLUSPLUSFLAGS = "$(OTHER_CFLAGS)";
				PRODUCT_BUNDLE_IDENTIFIER = Molue.SaftyDemo1;
				PRODUCT_NAME = "$(TARGET_NAME)";
				PROVISIONING_PROFILE_SPECIFIER = "";
				SWIFT_OBJC_BRIDGING_HEADER = "./MolueSafty/Objective-C-Bridging-Header.h";
				SWIFT_VERSION = 4.0;
				TARGETED_DEVICE_FAMILY = 1;
			};
			name = Release;
		};
		1AAD072F20879962008C4F7A /* Release */ = {
			isa = XCBuildConfiguration;
			buildSettings = {
				ALWAYS_EMBED_SWIFT_STANDARD_LIBRARIES = YES;
				BUNDLE_LOADER = "$(TEST_HOST)";
				CODE_SIGN_STYLE = Automatic;
				INFOPLIST_FILE = MolueSaftyTests/Info.plist;
				LD_RUNPATH_SEARCH_PATHS = (
					"$(inherited)",
					"@executable_path/Frameworks",
					"@loader_path/Frameworks",
				);
				PRODUCT_BUNDLE_IDENTIFIER = Molue.MolueSaftyTests;
				PRODUCT_NAME = "$(TARGET_NAME)";
				SWIFT_VERSION = 4.0;
				TARGETED_DEVICE_FAMILY = "1,2";
				TEST_HOST = "$(BUILT_PRODUCTS_DIR)/MolueSafty.app/MolueSafty";
			};
			name = Release;
		};
		1AAD073020879962008C4F7A /* Release */ = {
			isa = XCBuildConfiguration;
			buildSettings = {
				ALWAYS_EMBED_SWIFT_STANDARD_LIBRARIES = YES;
				CODE_SIGN_STYLE = Automatic;
				INFOPLIST_FILE = MolueSaftyUITests/Info.plist;
				LD_RUNPATH_SEARCH_PATHS = (
					"$(inherited)",
					"@executable_path/Frameworks",
					"@loader_path/Frameworks",
				);
				PRODUCT_BUNDLE_IDENTIFIER = Molue.MolueSaftyUITests;
				PRODUCT_NAME = "$(TARGET_NAME)";
				SWIFT_VERSION = 4.0;
				TARGETED_DEVICE_FAMILY = "1,2";
				TEST_TARGET_NAME = MolueSafty;
			};
			name = Release;
		};
		1AAD073120879977008C4F7A /* Debug */ = {
			isa = XCBuildConfiguration;
			buildSettings = {
				ALWAYS_SEARCH_USER_PATHS = NO;
				CLANG_ANALYZER_LOCALIZABILITY_NONLOCALIZED = YES;
				CLANG_ANALYZER_NONNULL = YES;
				CLANG_ANALYZER_NUMBER_OBJECT_CONVERSION = YES_AGGRESSIVE;
				CLANG_CXX_LANGUAGE_STANDARD = "gnu++14";
				CLANG_CXX_LIBRARY = "libc++";
				CLANG_ENABLE_MODULES = YES;
				CLANG_ENABLE_OBJC_ARC = YES;
				CLANG_ENABLE_OBJC_WEAK = YES;
				CLANG_WARN_BLOCK_CAPTURE_AUTORELEASING = YES;
				CLANG_WARN_BOOL_CONVERSION = YES;
				CLANG_WARN_COMMA = YES;
				CLANG_WARN_CONSTANT_CONVERSION = YES;
				CLANG_WARN_DEPRECATED_OBJC_IMPLEMENTATIONS = YES;
				CLANG_WARN_DIRECT_OBJC_ISA_USAGE = YES_ERROR;
				CLANG_WARN_DOCUMENTATION_COMMENTS = YES;
				CLANG_WARN_EMPTY_BODY = YES;
				CLANG_WARN_ENUM_CONVERSION = YES;
				CLANG_WARN_INFINITE_RECURSION = YES;
				CLANG_WARN_INT_CONVERSION = YES;
				CLANG_WARN_NON_LITERAL_NULL_CONVERSION = YES;
				CLANG_WARN_OBJC_IMPLICIT_RETAIN_SELF = YES;
				CLANG_WARN_OBJC_LITERAL_CONVERSION = YES;
				CLANG_WARN_OBJC_ROOT_CLASS = YES_ERROR;
				CLANG_WARN_RANGE_LOOP_ANALYSIS = YES;
				CLANG_WARN_STRICT_PROTOTYPES = YES;
				CLANG_WARN_SUSPICIOUS_MOVE = YES;
				CLANG_WARN_UNGUARDED_AVAILABILITY = YES_AGGRESSIVE;
				CLANG_WARN_UNREACHABLE_CODE = YES;
				CLANG_WARN__DUPLICATE_METHOD_MATCH = YES;
				CODE_SIGN_IDENTITY = "iPhone Developer";
				COPY_PHASE_STRIP = NO;
				DEBUG_INFORMATION_FORMAT = dwarf;
				ENABLE_STRICT_OBJC_MSGSEND = YES;
				ENABLE_TESTABILITY = YES;
				GCC_C_LANGUAGE_STANDARD = gnu11;
				GCC_DYNAMIC_NO_PIC = NO;
				GCC_NO_COMMON_BLOCKS = YES;
				GCC_OPTIMIZATION_LEVEL = 0;
				GCC_PREPROCESSOR_DEFINITIONS = (
					"DEBUG=1",
					"$(inherited)",
				);
				GCC_SYMBOLS_PRIVATE_EXTERN = NO;
				GCC_WARN_64_TO_32_BIT_CONVERSION = YES;
				GCC_WARN_ABOUT_RETURN_TYPE = YES_ERROR;
				GCC_WARN_UNDECLARED_SELECTOR = YES;
				GCC_WARN_UNINITIALIZED_AUTOS = YES_AGGRESSIVE;
				GCC_WARN_UNUSED_FUNCTION = YES;
				GCC_WARN_UNUSED_VARIABLE = YES;
				IPHONEOS_DEPLOYMENT_TARGET = 11.3;
				MTL_ENABLE_DEBUG_INFO = YES;
				ONLY_ACTIVE_ARCH = YES;
				SDKROOT = iphoneos;
				SWIFT_ACTIVE_COMPILATION_CONDITIONS = DEBUG;
				SWIFT_OPTIMIZATION_LEVEL = "-Onone";
			};
			name = Debug;
		};
		1AAD073220879977008C4F7A /* Debug */ = {
			isa = XCBuildConfiguration;
			baseConfigurationReference = F456BA4D9799A7B589E89FF9 /* Pods-MolueSafty.debug.xcconfig */;
			buildSettings = {
				ASSETCATALOG_COMPILER_APPICON_NAME = AppIcon;
				CLANG_WARN_OBJC_IMPLICIT_RETAIN_SELF = YES;
				CLANG_WARN_OBJC_REPEATED_USE_OF_WEAK = NO;
				CLANG_WARN_RANGE_LOOP_ANALYSIS = YES;
				CLANG_WARN_SUSPICIOUS_MOVE = YES;
				CODE_SIGN_IDENTITY = "iPhone Developer";
				CODE_SIGN_STYLE = Automatic;
				DEVELOPMENT_TEAM = XZCT6885AK;
				ENABLE_BITCODE = YES;
				FRAMEWORK_SEARCH_PATHS = "$(inherited)";
				GCC_SYMBOLS_PRIVATE_EXTERN = YES;
				GCC_WARN_ABOUT_INVALID_OFFSETOF_MACRO = YES;
				GCC_WARN_INHIBIT_ALL_WARNINGS = NO;
				INFOPLIST_FILE = MolueSafty/Info.plist;
				IPHONEOS_DEPLOYMENT_TARGET = 9.0;
				LD_RUNPATH_SEARCH_PATHS = (
					"@executable_path/Frameworks",
					"$(inherited)",
				);
				LIBRARY_SEARCH_PATHS = (
					"\"${PODS_ROOT}/JCore\"",
					"\"${PODS_ROOT}/JPush\"",
					"$(inherited)",
				);
				ONLY_ACTIVE_ARCH = YES;
				OTHER_CPLUSPLUSFLAGS = "$(OTHER_CFLAGS)";
				OTHER_SWIFT_FLAGS = "$(inherited) \"-D\" \"COCOAPODS\"";
				PRODUCT_BUNDLE_IDENTIFIER = Molue.SaftyDemo1;
				PRODUCT_NAME = "$(TARGET_NAME)";
				PROVISIONING_PROFILE_SPECIFIER = "";
				SWIFT_OBJC_BRIDGING_HEADER = "./MolueSafty/Objective-C-Bridging-Header.h";
				SWIFT_VERSION = 4.0;
				TARGETED_DEVICE_FAMILY = 1;
			};
			name = Debug;
		};
		1AAD073320879977008C4F7A /* Debug */ = {
			isa = XCBuildConfiguration;
			buildSettings = {
				ALWAYS_EMBED_SWIFT_STANDARD_LIBRARIES = YES;
				BUNDLE_LOADER = "$(TEST_HOST)";
				CODE_SIGN_STYLE = Automatic;
				INFOPLIST_FILE = MolueSaftyTests/Info.plist;
				LD_RUNPATH_SEARCH_PATHS = (
					"$(inherited)",
					"@executable_path/Frameworks",
					"@loader_path/Frameworks",
				);
				PRODUCT_BUNDLE_IDENTIFIER = Molue.MolueSaftyTests;
				PRODUCT_NAME = "$(TARGET_NAME)";
				SWIFT_VERSION = 4.0;
				TARGETED_DEVICE_FAMILY = "1,2";
				TEST_HOST = "$(BUILT_PRODUCTS_DIR)/MolueSafty.app/MolueSafty";
			};
			name = Debug;
		};
		1AAD073420879977008C4F7A /* Debug */ = {
			isa = XCBuildConfiguration;
			buildSettings = {
				ALWAYS_EMBED_SWIFT_STANDARD_LIBRARIES = YES;
				CODE_SIGN_STYLE = Automatic;
				INFOPLIST_FILE = MolueSaftyUITests/Info.plist;
				LD_RUNPATH_SEARCH_PATHS = (
					"$(inherited)",
					"@executable_path/Frameworks",
					"@loader_path/Frameworks",
				);
				PRODUCT_BUNDLE_IDENTIFIER = Molue.MolueSaftyUITests;
				PRODUCT_NAME = "$(TARGET_NAME)";
				SWIFT_VERSION = 4.0;
				TARGETED_DEVICE_FAMILY = "1,2";
				TEST_TARGET_NAME = MolueSafty;
			};
			name = Debug;
		};
/* End XCBuildConfiguration section */

/* Begin XCConfigurationList section */
		1A7D9A7A2084E73400FA997D /* Build configuration list for PBXProject "MolueSafty" */ = {
			isa = XCConfigurationList;
			buildConfigurations = (
				1AAD072D20879962008C4F7A /* Release */,
				1AAD073120879977008C4F7A /* Debug */,
			);
			defaultConfigurationIsVisible = 0;
			defaultConfigurationName = Release;
		};
		1A7D9AA72084E73600FA997D /* Build configuration list for PBXNativeTarget "MolueSafty" */ = {
			isa = XCConfigurationList;
			buildConfigurations = (
				1AAD072E20879962008C4F7A /* Release */,
				1AAD073220879977008C4F7A /* Debug */,
			);
			defaultConfigurationIsVisible = 0;
			defaultConfigurationName = Release;
		};
		1A7D9AAA2084E73600FA997D /* Build configuration list for PBXNativeTarget "MolueSaftyTests" */ = {
			isa = XCConfigurationList;
			buildConfigurations = (
				1AAD072F20879962008C4F7A /* Release */,
				1AAD073320879977008C4F7A /* Debug */,
			);
			defaultConfigurationIsVisible = 0;
			defaultConfigurationName = Release;
		};
		1A7D9AAD2084E73600FA997D /* Build configuration list for PBXNativeTarget "MolueSaftyUITests" */ = {
			isa = XCConfigurationList;
			buildConfigurations = (
				1AAD073020879962008C4F7A /* Release */,
				1AAD073420879977008C4F7A /* Debug */,
			);
			defaultConfigurationIsVisible = 0;
			defaultConfigurationName = Release;
		};
/* End XCConfigurationList section */
	};
	rootObject = 1A7D9A772084E73400FA997D /* Project object */;
}
